
Microsoft Visual Studio Solution File, Format Version 12.00
# Visual Studio Version 17
VisualStudioVersion = 17.0.32014.148
MinimumVisualStudioVersion = 10.0.40219.1
Project("{8BC9CEB8-8B4A-11D0-8D11-00A0C91BC942}") = "两数之和", "两数之和\两数之和.vcxproj", "{CD5644D1-8EEB-4AAC-9BD0-A53051ACD237}"
EndProject
Project("{8BC9CEB8-8B4A-11D0-8D11-00A0C91BC942}") = "回文数", "回文数\回文数.vcxproj", "{DC1F1358-7A53-4043-9415-DBE25C06B277}"
EndProject
Project("{8BC9CEB8-8B4A-11D0-8D11-00A0C91BC942}") = "最大子数组和", "最大子数组和\最大子数组和.vcxproj", "{7E7078CA-82D1-4384-8821-40419623C926}"
EndProject
Project("{8BC9CEB8-8B4A-11D0-8D11-00A0C91BC942}") = "爬楼梯", "爬楼梯\爬楼梯.vcxproj", "{E21371C0-0595-4D1A-83E2-3A1B8FA0244B}"
EndProject
Project("{8BC9CEB8-8B4A-11D0-8D11-00A0C91BC942}") = "杨辉三角1", "杨辉三角1\杨辉三角1.vcxproj", "{6F09B378-30C2-4AD1-B8AE-3EF401734467}"
EndProject
Project("{8BC9CEB8-8B4A-11D0-8D11-00A0C91BC942}") = "杨辉三角2", "杨辉三角2\杨辉三角2.vcxproj", "{DD29799A-6EC9-4C24-9012-F4BBC3149E9B}"
EndProject
Project("{8BC9CEB8-8B4A-11D0-8D11-00A0C91BC942}") = "买卖股票", "买卖股票\买卖股票.vcxproj", "{1F02E04D-3CC2-46BF-A560-52EB1C233310}"
EndProject
Project("{8BC9CEB8-8B4A-11D0-8D11-00A0C91BC942}") = "比特位计数", "比特位计数\比特位计数.vcxproj", "{F301F9FD-351A-4CB3-90D7-D03A9FFBC1C0}"
EndProject
Project("{8BC9CEB8-8B4A-11D0-8D11-00A0C91BC942}") = "判断子序列", "判断子序列\判断子序列.vcxproj", "{1FB817BC-2AEE-4525-BD57-5E5013150E44}"
EndProject
Project("{8BC9CEB8-8B4A-11D0-8D11-00A0C91BC942}") = "斐波那契数", "斐波那契数\斐波那契数.vcxproj", "{84D40D31-1A74-42B8-831B-7278C117A42C}"
EndProject
Project("{8BC9CEB8-8B4A-11D0-8D11-00A0C91BC942}") = "最小花费爬楼梯", "最小花费爬楼梯\最小花费爬楼梯.vcxproj", "{5D53C9A0-CC92-4E0D-9098-FEE9CE4CDFFF}"
EndProject
Project("{8BC9CEB8-8B4A-11D0-8D11-00A0C91BC942}") = "除数博弈", "除数博弈\除数博弈.vcxproj", "{AEB48B93-2EDD-40E1-8C19-B0EB5D716DEC}"
EndProject
Project("{8BC9CEB8-8B4A-11D0-8D11-00A0C91BC942}") = "第 N 个泰波那契数", "第 N 个泰波那契数\第 N 个泰波那契数.vcxproj", "{3735D5CD-19C8-47D8-A727-4C8AB2C90300}"
EndProject
Project("{8BC9CEB8-8B4A-11D0-8D11-00A0C91BC942}") = "二叉树的中序遍历", "二叉树的中序遍历\二叉树的中序遍历.vcxproj", "{CF2CB218-74BA-4DF6-AE08-48B7744D599D}"
EndProject
Project("{8BC9CEB8-8B4A-11D0-8D11-00A0C91BC942}") = "相同的树", "相同的树\相同的树.vcxproj", "{BCB53E53-87F9-419F-B3A9-0FA896E55C62}"
EndProject
Project("{8BC9CEB8-8B4A-11D0-8D11-00A0C91BC942}") = "二叉搜索树的最近公共祖先", "二叉搜索树的最近公共祖先\二叉搜索树的最近公共祖先.vcxproj", "{180FAFDD-FABE-4675-96D8-40FCBB73C7D1}"
EndProject
Project("{8BC9CEB8-8B4A-11D0-8D11-00A0C91BC942}") = "二叉树的前序遍历", "二叉树的前序遍历\二叉树的前序遍历.vcxproj", "{8D8D810E-3704-4589-8BEB-E65C3175AACC}"
EndProject
Project("{8BC9CEB8-8B4A-11D0-8D11-00A0C91BC942}") = "二叉树的后序遍历", "二叉树的后序遍历\二叉树的后序遍历.vcxproj", "{02D26EA6-5F32-4341-8C52-094AED4B9A32}"
EndProject
Project("{8BC9CEB8-8B4A-11D0-8D11-00A0C91BC942}") = "最小栈", "最小栈\最小栈.vcxproj", "{1F19DAFD-BECA-4879-AD7B-F9BEC7D95C5F}"
EndProject
Project("{8BC9CEB8-8B4A-11D0-8D11-00A0C91BC942}") = "用队列实现栈", "用队列实现栈\用队列实现栈.vcxproj", "{23B8CA94-0F84-40D1-9D43-0779B57534E9}"
EndProject
Project("{8BC9CEB8-8B4A-11D0-8D11-00A0C91BC942}") = "用栈实现队列", "用栈实现队列\用栈实现队列.vcxproj", "{85CF91F6-DE2D-454E-97EC-55D8AEE93FD0}"
EndProject
Project("{8BC9CEB8-8B4A-11D0-8D11-00A0C91BC942}") = "回文链表", "回文链表\回文链表.vcxproj", "{5C45EB7F-2072-425E-A2CD-D045579E8EF0}"
EndProject
Project("{8BC9CEB8-8B4A-11D0-8D11-00A0C91BC942}") = "下一个更大元素", "下一个更大元素\下一个更大元素.vcxproj", "{4B81245F-D705-47B6-A704-6305AD426A8D}"
EndProject
Project("{8BC9CEB8-8B4A-11D0-8D11-00A0C91BC942}") = "N叉树的前序遍历", "N叉树的前序遍历\N叉树的前序遍历.vcxproj", "{48106BCB-5D27-4DBA-8073-775C019E5519}"
EndProject
Project("{8BC9CEB8-8B4A-11D0-8D11-00A0C91BC942}") = "N叉树的后序遍历", "N叉树的后序遍历\N叉树的后序遍历.vcxproj", "{3C7E01D5-056A-4DE0-8DAA-B0941322A0E0}"
EndProject
Project("{8BC9CEB8-8B4A-11D0-8D11-00A0C91BC942}") = "棒球比赛", "棒球比赛\棒球比赛.vcxproj", "{2A0C3C8B-1FC0-484D-9C14-5D92288C6CC0}"
EndProject
Project("{8BC9CEB8-8B4A-11D0-8D11-00A0C91BC942}") = "比较含退格的字符串", "比较含退格的字符串\比较含退格的字符串.vcxproj", "{7F069C10-058C-4A13-A34C-EAEF1FD7D609}"
EndProject
Project("{8BC9CEB8-8B4A-11D0-8D11-00A0C91BC942}") = "递增顺序搜索树", "递增顺序搜索树\递增顺序搜索树.vcxproj", "{B84449E6-F741-45E8-B394-5E0B630C020B}"
EndProject
Project("{8BC9CEB8-8B4A-11D0-8D11-00A0C91BC942}") = "删除最外层的括号", "删除最外层的括号\删除最外层的括号.vcxproj", "{CCB1FA99-57DB-4DFA-A0E3-D247510821AF}"
EndProject
Project("{8BC9CEB8-8B4A-11D0-8D11-00A0C91BC942}") = "删除字符串中的所有相邻重复项", "删除字符串中的所有相邻重复项\删除字符串中的所有相邻重复项.vcxproj", "{5C3200B7-7658-4C09-ADCD-835993957E07}"
EndProject
Project("{8BC9CEB8-8B4A-11D0-8D11-00A0C91BC942}") = "用栈操作构建数组", "用栈操作构建数组\用栈操作构建数组.vcxproj", "{147B1814-3C44-4464-8B06-1C88FB114408}"
EndProject
Project("{8BC9CEB8-8B4A-11D0-8D11-00A0C91BC942}") = "商品折扣后的最终价格", "商品折扣后的最终价格\商品折扣后的最终价格.vcxproj", "{BDC9BB11-7ADB-47FE-AC56-27904DAF797F}"
EndProject
Project("{8BC9CEB8-8B4A-11D0-8D11-00A0C91BC942}") = "每日温度", "每日温度\每日温度.vcxproj", "{A8FEE6A9-8600-4F5E-9ADC-AEBBC408CD06}"
EndProject
Project("{8BC9CEB8-8B4A-11D0-8D11-00A0C91BC942}") = "整理字符串", "整理字符串\整理字符串.vcxproj", "{7DBEFE79-1A3C-4B2F-9479-E7E40D1B453A}"
EndProject
Project("{8BC9CEB8-8B4A-11D0-8D11-00A0C91BC942}") = "文件夹操作日志搜集器", "文件夹操作日志搜集器\文件夹操作日志搜集器.vcxproj", "{DC4F3258-B76F-4266-995E-C6B6D109C648}"
EndProject
Project("{8BC9CEB8-8B4A-11D0-8D11-00A0C91BC942}") = "括号的最大嵌套深度", "括号的最大嵌套深度\括号的最大嵌套深度.vcxproj", "{B437C084-BE90-4B11-8FD6-FFB1EB31962D}"
EndProject
Project("{8BC9CEB8-8B4A-11D0-8D11-00A0C91BC942}") = "无法吃午餐的学生数量", "无法吃午餐的学生数量\无法吃午餐的学生数量.vcxproj", "{2C9F1559-5547-4BC3-9062-AC2F1E9B34EB}"
EndProject
Project("{8BC9CEB8-8B4A-11D0-8D11-00A0C91BC942}") = "气球的最大数量", "气球的最大数量\气球的最大数量.vcxproj", "{5FA0CCA0-6303-43FD-96A9-EBA2E80F8D5A}"
EndProject
Project("{8BC9CEB8-8B4A-11D0-8D11-00A0C91BC942}") = "相对名次", "相对名次\相对名次.vcxproj", "{76FF2711-4256-441E-8A03-7160395C7E98}"
EndProject
Project("{8BC9CEB8-8B4A-11D0-8D11-00A0C91BC942}") = "数据流中的第 K 大元素", "数据流中的第 K 大元素\数据流中的第 K 大元素.vcxproj", "{1A0F7DBB-65DF-4DF1-98BE-1058F97FFBE3}"
EndProject
Project("{8BC9CEB8-8B4A-11D0-8D11-00A0C91BC942}") = "优先级队列", "优先级队列\优先级队列.vcxproj", "{BA28A51E-CA2A-4FF7-A394-52EA356517D5}"
EndProject
Project("{8BC9CEB8-8B4A-11D0-8D11-00A0C91BC942}") = "最后一块石头的重量", "最后一块石头的重量\最后一块石头的重量.vcxproj", "{C61CA3A1-3BCA-4601-955D-235ABE276752}"
EndProject
Project("{8BC9CEB8-8B4A-11D0-8D11-00A0C91BC942}") = "背包问题", "背包问题\背包问题.vcxproj", "{15B361BE-5148-423D-8938-5051A1E529E8}"
EndProject
Project("{8BC9CEB8-8B4A-11D0-8D11-00A0C91BC942}") = "矩阵中战斗力最弱的K行", "矩阵中战斗力最弱的K行\矩阵中战斗力最弱的K行.vcxproj", "{747EC59C-E337-4570-9403-7317928D2A53}"
EndProject
Project("{8BC9CEB8-8B4A-11D0-8D11-00A0C91BC942}") = "罗马数字转整数", "罗马数字转整数\罗马数字转整数.vcxproj", "{463A6B8F-5295-45EF-AD85-C2FD1CFD14F6}"
EndProject
Project("{8BC9CEB8-8B4A-11D0-8D11-00A0C91BC942}") = "环形链表", "环形链表\环形链表.vcxproj", "{7F7E4300-864F-4811-88A3-F4998B59410C}"
EndProject
Project("{8BC9CEB8-8B4A-11D0-8D11-00A0C91BC942}") = "相交链表", "相交链表\相交链表.vcxproj", "{E6AC3ADD-BE68-4BA8-B1F3-1895196D298D}"
EndProject
Project("{8BC9CEB8-8B4A-11D0-8D11-00A0C91BC942}") = "多数元素", "多数元素\多数元素.vcxproj", "{398188BF-07E4-4732-8371-88D6CC435A07}"
EndProject
Project("{8BC9CEB8-8B4A-11D0-8D11-00A0C91BC942}") = "快乐数", "快乐数\快乐数.vcxproj", "{ADA95711-4612-4E6E-B6DF-928F0AF12AC0}"
EndProject
Project("{8BC9CEB8-8B4A-11D0-8D11-00A0C91BC942}") = "二分查找", "二分查找\二分查找.vcxproj", "{6FAD38F1-6F68-4294-BD9A-DE9894E5B013}"
EndProject
Project("{8BC9CEB8-8B4A-11D0-8D11-00A0C91BC942}") = "存在重复元素", "存在重复元素\存在重复元素.vcxproj", "{6C08AD9F-0C00-4CA8-BE2A-2EDD8FCA72D4}"
EndProject
Project("{8BC9CEB8-8B4A-11D0-8D11-00A0C91BC942}") = "存在重复元素II", "存在重复元素II\存在重复元素II.vcxproj", "{A55DDE27-5F34-4F29-8004-EA5A4A19763B}"
EndProject
Project("{8BC9CEB8-8B4A-11D0-8D11-00A0C91BC942}") = "有效的字母异位词", "有效的字母异位词\有效的字母异位词.vcxproj", "{9E2C0F94-0B48-4A94-A956-28EC37B889E6}"
EndProject
Project("{8BC9CEB8-8B4A-11D0-8D11-00A0C91BC942}") = "丢失的数字", "丢失的数字\丢失的数字.vcxproj", "{A890DD6D-9145-4163-82B0-8FC21727FA0C}"
EndProject
Project("{8BC9CEB8-8B4A-11D0-8D11-00A0C91BC942}") = "单词规律", "单词规律\单词规律.vcxproj", "{642A6F82-31EE-4097-B969-54404CC80209}"
EndProject
Project("{8BC9CEB8-8B4A-11D0-8D11-00A0C91BC942}") = "两个数组的交集", "两个数组的交集\两个数组的交集.vcxproj", "{65634C4A-17F3-42AE-8956-0ACC137D79C8}"
EndProject
Project("{8BC9CEB8-8B4A-11D0-8D11-00A0C91BC942}") = "两个数组的交集II", "两个数组的交集II\两个数组的交集II.vcxproj", "{0C6782C9-E1A0-4524-BCCA-80F82E23154F}"
EndProject
Project("{8BC9CEB8-8B4A-11D0-8D11-00A0C91BC942}") = "赎金信", "赎金信\赎金信.vcxproj", "{A4EECF17-585C-4E2E-85D3-10D607FBA0F1}"
EndProject
Project("{8BC9CEB8-8B4A-11D0-8D11-00A0C91BC942}") = "字符串中的第一个唯一字符", "字符串中的第一个唯一字符\字符串中的第一个唯一字符.vcxproj", "{41AB1849-F63D-436F-B9CF-994D8F4F971C}"
EndProject
Project("{8BC9CEB8-8B4A-11D0-8D11-00A0C91BC942}") = "合并两个有序链表", "合并两个有序链表\合并两个有序链表.vcxproj", "{54BB0BBB-7C65-47A6-ACDD-3C15164C75AD}"
EndProject
Project("{8BC9CEB8-8B4A-11D0-8D11-00A0C91BC942}") = "删除排序链表中的重复元素", "删除排序链表中的重复元素\删除排序链表中的重复元素.vcxproj", "{873A6A91-B414-48C8-AD54-72CE3A4191C0}"
EndProject
Project("{8BC9CEB8-8B4A-11D0-8D11-00A0C91BC942}") = "移除链表元素", "移除链表元素\移除链表元素.vcxproj", "{F52814E0-C8A0-4690-BB53-7850171D8B54}"
EndProject
Project("{8BC9CEB8-8B4A-11D0-8D11-00A0C91BC942}") = "键盘行", "键盘行\键盘行.vcxproj", "{8EA61B4E-D9A8-47F5-8F04-EBAA89D0AC89}"
EndProject
Project("{8BC9CEB8-8B4A-11D0-8D11-00A0C91BC942}") = "分糖果", "分糖果\分糖果.vcxproj", "{65DB5320-90B5-4CC3-B8F1-1BDBA9DED293}"
EndProject
Project("{8BC9CEB8-8B4A-11D0-8D11-00A0C91BC942}") = "找不同", "找不同\找不同.vcxproj", "{60BF810B-373A-49DC-8421-C4C63EF8D4D7}"
EndProject
Project("{8BC9CEB8-8B4A-11D0-8D11-00A0C91BC942}") = "区域和检索 - 数组不可变", "区域和检索 - 数组不可变\区域和检索 - 数组不可变.vcxproj", "{A6369B06-D924-4DFF-B492-DFD3450D514E}"
EndProject
Project("{8BC9CEB8-8B4A-11D0-8D11-00A0C91BC942}") = "最长回文串", "最长回文串\最长回文串.vcxproj", "{971438A2-C71B-4276-9A2C-B33BDCB7C518}"
EndProject
Project("{8BC9CEB8-8B4A-11D0-8D11-00A0C91BC942}") = "第一个错误的版本", "第一个错误的版本\第一个错误的版本.vcxproj", "{AAF3097D-7468-4155-9261-2C103EF6A69C}"
EndProject
Project("{8BC9CEB8-8B4A-11D0-8D11-00A0C91BC942}") = "搜索插入位置", "搜索插入位置\搜索插入位置.vcxproj", "{FBA0CDCA-F1B5-4A82-ACC5-6A7F60F1AF97}"
EndProject
Project("{8BC9CEB8-8B4A-11D0-8D11-00A0C91BC942}") = "有序数组的平方", "有序数组的平方\有序数组的平方.vcxproj", "{BC99F4CE-815D-4FC2-BEBF-2349ED00D2AD}"
EndProject
Project("{8BC9CEB8-8B4A-11D0-8D11-00A0C91BC942}") = "轮转数组", "轮转数组\轮转数组.vcxproj", "{CD7DFD08-89AE-47E2-8BE2-5E730F729E84}"
EndProject
Project("{8BC9CEB8-8B4A-11D0-8D11-00A0C91BC942}") = "移动零", "移动零\移动零.vcxproj", "{06C0CA7C-5D4F-4C0E-9D70-0BC38B1B9774}"
EndProject
Project("{8BC9CEB8-8B4A-11D0-8D11-00A0C91BC942}") = "两数之和II- 输入有序数组", "两数之和II- 输入有序数组\两数之和II- 输入有序数组.vcxproj", "{811A97B8-2D31-4FB2-BD8C-CEE87964DFEE}"
EndProject
Project("{8BC9CEB8-8B4A-11D0-8D11-00A0C91BC942}") = "反转字符串", "反转字符串\反转字符串.vcxproj", "{3E24613A-7C81-4EA6-A7EB-EC8292F637AE}"
EndProject
Project("{8BC9CEB8-8B4A-11D0-8D11-00A0C91BC942}") = "反转字符串中的单词 III", "反转字符串中的单词 III\反转字符串中的单词 III.vcxproj", "{6A9EA6A9-CBF2-407F-BAF0-3CD259620946}"
EndProject
Project("{8BC9CEB8-8B4A-11D0-8D11-00A0C91BC942}") = "链表的中间结点", "链表的中间结点\链表的中间结点.vcxproj", "{77F9DEB8-5BFF-4A0E-A9AF-B8E3B5F77197}"
EndProject
Project("{8BC9CEB8-8B4A-11D0-8D11-00A0C91BC942}") = "删除链表的倒数第 N 个结点", "删除链表的倒数第 N 个结点\删除链表的倒数第 N 个结点.vcxproj", "{B7A6C0C2-8264-4BED-A7C0-AC8F06D1A39D}"
EndProject
Project("{8BC9CEB8-8B4A-11D0-8D11-00A0C91BC942}") = "无重复字符的最长子串", "无重复字符的最长子串\无重复字符的最长子串.vcxproj", "{9798B6A7-131E-4077-B0CB-EC29055431D8}"
EndProject
Project("{8BC9CEB8-8B4A-11D0-8D11-00A0C91BC942}") = "字符串的排列", "字符串的排列\字符串的排列.vcxproj", "{AA716155-7DA3-4FD4-9C51-73ABBDF6A8CA}"
EndProject
Project("{8BC9CEB8-8B4A-11D0-8D11-00A0C91BC942}") = "图像渲染", "图像渲染\图像渲染.vcxproj", "{768358A6-F89A-46F7-95B7-595175D98636}"
EndProject
Project("{8BC9CEB8-8B4A-11D0-8D11-00A0C91BC942}") = "岛屿的最大面积", "岛屿的最大面积\岛屿的最大面积.vcxproj", "{93128C36-807E-4ADC-BB6B-ECC984373CEE}"
EndProject
Project("{8BC9CEB8-8B4A-11D0-8D11-00A0C91BC942}") = "合并二叉树", "合并二叉树\合并二叉树.vcxproj", "{31D61449-468F-4014-810E-5848FF92A56F}"
EndProject
Project("{8BC9CEB8-8B4A-11D0-8D11-00A0C91BC942}") = "填充每个节点的下一个右侧节点指针", "填充每个节点的下一个右侧节点指针\填充每个节点的下一个右侧节点指针.vcxproj", "{38BEC902-1F43-47C8-BA0E-B58C7A5D45E2}"
EndProject
Project("{8BC9CEB8-8B4A-11D0-8D11-00A0C91BC942}") = "反转链表", "反转链表\反转链表.vcxproj", "{AF76FFE2-8268-4F5B-A5E4-34DE95C21AD8}"
EndProject
Project("{8BC9CEB8-8B4A-11D0-8D11-00A0C91BC942}") = "腐烂的橘子", "腐烂的橘子\腐烂的橘子.vcxproj", "{2F5A59F5-3586-45B4-A637-19C87DA68E6A}"
EndProject
Project("{8BC9CEB8-8B4A-11D0-8D11-00A0C91BC942}") = "01矩阵", "01矩阵\01矩阵.vcxproj", "{C291B4A9-3894-4142-B993-C79D22D2DC62}"
EndProject
Project("{8BC9CEB8-8B4A-11D0-8D11-00A0C91BC942}") = "组合", "组合\组合.vcxproj", "{577810A9-C215-43BB-BA1C-26A8FF3DDE7C}"
EndProject
Project("{8BC9CEB8-8B4A-11D0-8D11-00A0C91BC942}") = "全排列", "全排列\全排列.vcxproj", "{C581828C-FAED-47F4-93C3-C08B8F9470EF}"
EndProject
Project("{8BC9CEB8-8B4A-11D0-8D11-00A0C91BC942}") = "2 的幂", "2 的幂\2 的幂.vcxproj", "{141EB1A6-D634-4FF7-B949-57FB037A5003}"
EndProject
Project("{8BC9CEB8-8B4A-11D0-8D11-00A0C91BC942}") = "位1的个数", "位1的个数\位1的个数.vcxproj", "{77D61F3C-760B-4342-8840-D2AE09AE9846}"
EndProject
Project("{8BC9CEB8-8B4A-11D0-8D11-00A0C91BC942}") = "颠倒二进制位", "颠倒二进制位\颠倒二进制位.vcxproj", "{2B67F169-244C-445A-8676-A927AEB849C7}"
EndProject
Project("{8BC9CEB8-8B4A-11D0-8D11-00A0C91BC942}") = "只出现一次的数字", "只出现一次的数字\只出现一次的数字.vcxproj", "{9289BADC-A716-4D80-A5CA-A8AABF8C4743}"
EndProject
Project("{8BC9CEB8-8B4A-11D0-8D11-00A0C91BC942}") = "打家劫舍", "打家劫舍\打家劫舍.vcxproj", "{4B60A02D-74E8-48D8-A54C-1DE600330A63}"
EndProject
Project("{8BC9CEB8-8B4A-11D0-8D11-00A0C91BC942}") = "三角形最小路径和", "三角形最小路径和\三角形最小路径和.vcxproj", "{A8C126D2-7C23-4BAA-A063-8773828A5B69}"
EndProject
Project("{8BC9CEB8-8B4A-11D0-8D11-00A0C91BC942}") = "找到所有数组中消失的数字", "找到所有数组中消失的数字\找到所有数组中消失的数字.vcxproj", "{CD801EB3-BD47-49D7-9E1C-6BB921E4C2B7}"
EndProject
Project("{8BC9CEB8-8B4A-11D0-8D11-00A0C91BC942}") = "有效的数独", "有效的数独\有效的数独.vcxproj", "{9D4FE59E-D0ED-4CA4-9049-AF57C5721DB8}"
EndProject
Project("{8BC9CEB8-8B4A-11D0-8D11-00A0C91BC942}") = "解数独", "解数独\解数独.vcxproj", "{4CE8C139-FB44-4482-8BD2-8AB33DA08198}"
EndProject
Project("{8BC9CEB8-8B4A-11D0-8D11-00A0C91BC942}") = "最长和谐子序列", "最长和谐子序列\最长和谐子序列.vcxproj", "{4D41CADF-943C-46CA-8626-48AED7129CFE}"
EndProject
Project("{8BC9CEB8-8B4A-11D0-8D11-00A0C91BC942}") = "两数之和 IV - 输入 BST", "两数之和 IV - 输入 BST\两数之和 IV - 输入 BST.vcxproj", "{52920039-17CB-413C-B183-395DC754620E}"
EndProject
Project("{8BC9CEB8-8B4A-11D0-8D11-00A0C91BC942}") = "寻找数组的中心下标", "寻找数组的中心下标\寻找数组的中心下标.vcxproj", "{E23DB750-4F1D-424C-BAFB-C270E54F9D09}"
EndProject
Project("{8BC9CEB8-8B4A-11D0-8D11-00A0C91BC942}") = "逐步求和得到正数的最小值", "逐步求和得到正数的最小值\逐步求和得到正数的最小值.vcxproj", "{3DD479D1-2DE6-43D8-AC46-628EB38C6EE0}"
EndProject
Project("{8BC9CEB8-8B4A-11D0-8D11-00A0C91BC942}") = "最长公共子序列", "最长公共子序列\最长公共子序列.vcxproj", "{0928003B-D3C0-4C8E-8C16-C7BEF017BFDE}"
EndProject
Project("{8BC9CEB8-8B4A-11D0-8D11-00A0C91BC942}") = "所有奇数长度子数组的和", "所有奇数长度子数组的和\所有奇数长度子数组的和.vcxproj", "{9298448F-FF52-4F1E-842D-45279AD35AEA}"
EndProject
Project("{8BC9CEB8-8B4A-11D0-8D11-00A0C91BC942}") = "左右两边子数组的和相等", "左右两边子数组的和相等\左右两边子数组的和相等.vcxproj", "{585B5A5A-16BA-4CE9-B8DD-2F5960446258}"
EndProject
Project("{8BC9CEB8-8B4A-11D0-8D11-00A0C91BC942}") = "替换空格", "替换空格\替换空格.vcxproj", "{529F9674-EB59-4364-906C-57D85AE2F5CE}"
EndProject
Project("{8BC9CEB8-8B4A-11D0-8D11-00A0C91BC942}") = "左旋转字符串", "左旋转字符串\左旋转字符串.vcxproj", "{D77211B7-EFCA-421E-BDEF-06DFD5486B98}"
EndProject
Project("{8BC9CEB8-8B4A-11D0-8D11-00A0C91BC942}") = "数组中重复的数字", "数组中重复的数字\数组中重复的数字.vcxproj", "{D82AC4CA-E514-4087-BDCB-0DD44B21B372}"
EndProject
Project("{8BC9CEB8-8B4A-11D0-8D11-00A0C91BC942}") = "买卖股票的最佳时机 II", "买卖股票的最佳时机 II\买卖股票的最佳时机 II.vcxproj", "{4EE47E45-3782-4D5D-8959-3F65B075362F}"
EndProject
Project("{8BC9CEB8-8B4A-11D0-8D11-00A0C91BC942}") = "最佳买卖股票时机含冷冻期", "最佳买卖股票时机含冷冻期\最佳买卖股票时机含冷冻期.vcxproj", "{4D233C22-482A-4A64-8A39-FFE47FE31515}"
EndProject
Project("{8BC9CEB8-8B4A-11D0-8D11-00A0C91BC942}") = "戳气球", "戳气球\戳气球.vcxproj", "{D25EFA4F-3299-4853-9415-88B6B65D52A8}"
EndProject
Project("{8BC9CEB8-8B4A-11D0-8D11-00A0C91BC942}") = "分发饼干", "分发饼干\分发饼干.vcxproj", "{A13E51AC-C5EF-4A60-A17F-1461D44B1673}"
EndProject
Project("{8BC9CEB8-8B4A-11D0-8D11-00A0C91BC942}") = "数组拆分 I", "数组拆分 I\数组拆分 I.vcxproj", "{255BFA0D-9C96-418C-A05A-31BA142F68DA}"
EndProject
Project("{8BC9CEB8-8B4A-11D0-8D11-00A0C91BC942}") = "种花问题", "种花问题\种花问题.vcxproj", "{94514496-C414-4322-AFDD-7CF6DC6ABD4A}"
EndProject
Project("{8BC9CEB8-8B4A-11D0-8D11-00A0C91BC942}") = "验证回文字符串2", "验证回文字符串2\验证回文字符串2.vcxproj", "{8353B61E-9D61-473D-9550-7BA9FD56685D}"
EndProject
Project("{8BC9CEB8-8B4A-11D0-8D11-00A0C91BC942}") = "柠檬水找零", "柠檬水找零\柠檬水找零.vcxproj", "{4F660641-8775-498B-961A-92C526FCECF6}"
EndProject
Project("{8BC9CEB8-8B4A-11D0-8D11-00A0C91BC942}") = "增减字符串匹配", "增减字符串匹配\增减字符串匹配.vcxproj", "{9E20F398-9AB8-4A8B-9A32-8299C332A0D6}"
EndProject
Project("{8BC9CEB8-8B4A-11D0-8D11-00A0C91BC942}") = "子数组最大平均数I", "子数组最大平均数I\子数组最大平均数I.vcxproj", "{9BF40BA3-5FE9-425B-ABF4-93650AD12CC3}"
EndProject
Project("{8BC9CEB8-8B4A-11D0-8D11-00A0C91BC942}") = "最长的美好子字符串", "最长的美好子字符串\最长的美好子字符串.vcxproj", "{D9003E97-A3D0-47B2-85E8-8EA4175B3B24}"
EndProject
Project("{8BC9CEB8-8B4A-11D0-8D11-00A0C91BC942}") = "环形链表 II", "环形链表 II\环形链表 II.vcxproj", "{724104D7-564D-4B48-837E-70A6A72EF7AC}"
EndProject
Project("{8BC9CEB8-8B4A-11D0-8D11-00A0C91BC942}") = "在排序数组中查找元素的第一个和最后一个位置", "在排序数组中查找元素的第一个和最后一个位置\在排序数组中查找元素的第一个和最后一个位置.vcxproj", "{3BC7243A-49F5-47BA-BB27-0AC14AB9EA97}"
EndProject
Project("{8BC9CEB8-8B4A-11D0-8D11-00A0C91BC942}") = "搜索旋转排序数组", "搜索旋转排序数组\搜索旋转排序数组.vcxproj", "{6E3B85AC-5E88-49C0-BB41-AB10AE4B1A68}"
EndProject
Project("{8BC9CEB8-8B4A-11D0-8D11-00A0C91BC942}") = "二叉树的层序遍历", "二叉树的层序遍历\二叉树的层序遍历.vcxproj", "{EF6FDB9F-6E38-455F-A6FE-E00DD5630613}"
EndProject
Project("{8BC9CEB8-8B4A-11D0-8D11-00A0C91BC942}") = "搜索二维矩阵", "搜索二维矩阵\搜索二维矩阵.vcxproj", "{E87C08EF-46DF-4533-A39F-C696023C05B3}"
EndProject
Project("{8BC9CEB8-8B4A-11D0-8D11-00A0C91BC942}") = "有效的完全平方数", "有效的完全平方数\有效的完全平方数.vcxproj", "{CAFFA949-CC7F-427A-BE37-0F720C8C1E93}"
EndProject
Project("{8BC9CEB8-8B4A-11D0-8D11-00A0C91BC942}") = "验证二叉搜索树", "验证二叉搜索树\验证二叉搜索树.vcxproj", "{23E6F769-D08E-4A62-9B5D-ABA3F7FA5EB7}"
EndProject
Project("{8BC9CEB8-8B4A-11D0-8D11-00A0C91BC942}") = "岛屿数量", "岛屿数量\岛屿数量.vcxproj", "{EEC014AE-100D-491C-819D-F1E1EC521431}"
EndProject
Project("{8BC9CEB8-8B4A-11D0-8D11-00A0C91BC942}") = "不同路径", "不同路径\不同路径.vcxproj", "{176A6F2E-D119-4A1A-866F-60C4B647D719}"
EndProject
Global
	GlobalSection(SolutionConfigurationPlatforms) = preSolution
		Debug|x64 = Debug|x64
		Debug|x86 = Debug|x86
		Release|x64 = Release|x64
		Release|x86 = Release|x86
	EndGlobalSection
	GlobalSection(ProjectConfigurationPlatforms) = postSolution
		{CD5644D1-8EEB-4AAC-9BD0-A53051ACD237}.Debug|x64.ActiveCfg = Debug|x64
		{CD5644D1-8EEB-4AAC-9BD0-A53051ACD237}.Debug|x64.Build.0 = Debug|x64
		{CD5644D1-8EEB-4AAC-9BD0-A53051ACD237}.Debug|x86.ActiveCfg = Debug|Win32
		{CD5644D1-8EEB-4AAC-9BD0-A53051ACD237}.Debug|x86.Build.0 = Debug|Win32
		{CD5644D1-8EEB-4AAC-9BD0-A53051ACD237}.Release|x64.ActiveCfg = Release|x64
		{CD5644D1-8EEB-4AAC-9BD0-A53051ACD237}.Release|x64.Build.0 = Release|x64
		{CD5644D1-8EEB-4AAC-9BD0-A53051ACD237}.Release|x86.ActiveCfg = Release|Win32
		{CD5644D1-8EEB-4AAC-9BD0-A53051ACD237}.Release|x86.Build.0 = Release|Win32
		{DC1F1358-7A53-4043-9415-DBE25C06B277}.Debug|x64.ActiveCfg = Debug|x64
		{DC1F1358-7A53-4043-9415-DBE25C06B277}.Debug|x64.Build.0 = Debug|x64
		{DC1F1358-7A53-4043-9415-DBE25C06B277}.Debug|x86.ActiveCfg = Debug|Win32
		{DC1F1358-7A53-4043-9415-DBE25C06B277}.Debug|x86.Build.0 = Debug|Win32
		{DC1F1358-7A53-4043-9415-DBE25C06B277}.Release|x64.ActiveCfg = Release|x64
		{DC1F1358-7A53-4043-9415-DBE25C06B277}.Release|x64.Build.0 = Release|x64
		{DC1F1358-7A53-4043-9415-DBE25C06B277}.Release|x86.ActiveCfg = Release|Win32
		{DC1F1358-7A53-4043-9415-DBE25C06B277}.Release|x86.Build.0 = Release|Win32
		{7E7078CA-82D1-4384-8821-40419623C926}.Debug|x64.ActiveCfg = Debug|x64
		{7E7078CA-82D1-4384-8821-40419623C926}.Debug|x64.Build.0 = Debug|x64
		{7E7078CA-82D1-4384-8821-40419623C926}.Debug|x86.ActiveCfg = Debug|Win32
		{7E7078CA-82D1-4384-8821-40419623C926}.Debug|x86.Build.0 = Debug|Win32
		{7E7078CA-82D1-4384-8821-40419623C926}.Release|x64.ActiveCfg = Release|x64
		{7E7078CA-82D1-4384-8821-40419623C926}.Release|x64.Build.0 = Release|x64
		{7E7078CA-82D1-4384-8821-40419623C926}.Release|x86.ActiveCfg = Release|Win32
		{7E7078CA-82D1-4384-8821-40419623C926}.Release|x86.Build.0 = Release|Win32
		{E21371C0-0595-4D1A-83E2-3A1B8FA0244B}.Debug|x64.ActiveCfg = Debug|x64
		{E21371C0-0595-4D1A-83E2-3A1B8FA0244B}.Debug|x64.Build.0 = Debug|x64
		{E21371C0-0595-4D1A-83E2-3A1B8FA0244B}.Debug|x86.ActiveCfg = Debug|Win32
		{E21371C0-0595-4D1A-83E2-3A1B8FA0244B}.Debug|x86.Build.0 = Debug|Win32
		{E21371C0-0595-4D1A-83E2-3A1B8FA0244B}.Release|x64.ActiveCfg = Release|x64
		{E21371C0-0595-4D1A-83E2-3A1B8FA0244B}.Release|x64.Build.0 = Release|x64
		{E21371C0-0595-4D1A-83E2-3A1B8FA0244B}.Release|x86.ActiveCfg = Release|Win32
		{E21371C0-0595-4D1A-83E2-3A1B8FA0244B}.Release|x86.Build.0 = Release|Win32
		{6F09B378-30C2-4AD1-B8AE-3EF401734467}.Debug|x64.ActiveCfg = Debug|x64
		{6F09B378-30C2-4AD1-B8AE-3EF401734467}.Debug|x64.Build.0 = Debug|x64
		{6F09B378-30C2-4AD1-B8AE-3EF401734467}.Debug|x86.ActiveCfg = Debug|Win32
		{6F09B378-30C2-4AD1-B8AE-3EF401734467}.Debug|x86.Build.0 = Debug|Win32
		{6F09B378-30C2-4AD1-B8AE-3EF401734467}.Release|x64.ActiveCfg = Release|x64
		{6F09B378-30C2-4AD1-B8AE-3EF401734467}.Release|x64.Build.0 = Release|x64
		{6F09B378-30C2-4AD1-B8AE-3EF401734467}.Release|x86.ActiveCfg = Release|Win32
		{6F09B378-30C2-4AD1-B8AE-3EF401734467}.Release|x86.Build.0 = Release|Win32
		{DD29799A-6EC9-4C24-9012-F4BBC3149E9B}.Debug|x64.ActiveCfg = Debug|x64
		{DD29799A-6EC9-4C24-9012-F4BBC3149E9B}.Debug|x64.Build.0 = Debug|x64
		{DD29799A-6EC9-4C24-9012-F4BBC3149E9B}.Debug|x86.ActiveCfg = Debug|Win32
		{DD29799A-6EC9-4C24-9012-F4BBC3149E9B}.Debug|x86.Build.0 = Debug|Win32
		{DD29799A-6EC9-4C24-9012-F4BBC3149E9B}.Release|x64.ActiveCfg = Release|x64
		{DD29799A-6EC9-4C24-9012-F4BBC3149E9B}.Release|x64.Build.0 = Release|x64
		{DD29799A-6EC9-4C24-9012-F4BBC3149E9B}.Release|x86.ActiveCfg = Release|Win32
		{DD29799A-6EC9-4C24-9012-F4BBC3149E9B}.Release|x86.Build.0 = Release|Win32
		{1F02E04D-3CC2-46BF-A560-52EB1C233310}.Debug|x64.ActiveCfg = Debug|x64
		{1F02E04D-3CC2-46BF-A560-52EB1C233310}.Debug|x64.Build.0 = Debug|x64
		{1F02E04D-3CC2-46BF-A560-52EB1C233310}.Debug|x86.ActiveCfg = Debug|Win32
		{1F02E04D-3CC2-46BF-A560-52EB1C233310}.Debug|x86.Build.0 = Debug|Win32
		{1F02E04D-3CC2-46BF-A560-52EB1C233310}.Release|x64.ActiveCfg = Release|x64
		{1F02E04D-3CC2-46BF-A560-52EB1C233310}.Release|x64.Build.0 = Release|x64
		{1F02E04D-3CC2-46BF-A560-52EB1C233310}.Release|x86.ActiveCfg = Release|Win32
		{1F02E04D-3CC2-46BF-A560-52EB1C233310}.Release|x86.Build.0 = Release|Win32
		{F301F9FD-351A-4CB3-90D7-D03A9FFBC1C0}.Debug|x64.ActiveCfg = Debug|x64
		{F301F9FD-351A-4CB3-90D7-D03A9FFBC1C0}.Debug|x64.Build.0 = Debug|x64
		{F301F9FD-351A-4CB3-90D7-D03A9FFBC1C0}.Debug|x86.ActiveCfg = Debug|Win32
		{F301F9FD-351A-4CB3-90D7-D03A9FFBC1C0}.Debug|x86.Build.0 = Debug|Win32
		{F301F9FD-351A-4CB3-90D7-D03A9FFBC1C0}.Release|x64.ActiveCfg = Release|x64
		{F301F9FD-351A-4CB3-90D7-D03A9FFBC1C0}.Release|x64.Build.0 = Release|x64
		{F301F9FD-351A-4CB3-90D7-D03A9FFBC1C0}.Release|x86.ActiveCfg = Release|Win32
		{F301F9FD-351A-4CB3-90D7-D03A9FFBC1C0}.Release|x86.Build.0 = Release|Win32
		{1FB817BC-2AEE-4525-BD57-5E5013150E44}.Debug|x64.ActiveCfg = Debug|x64
		{1FB817BC-2AEE-4525-BD57-5E5013150E44}.Debug|x64.Build.0 = Debug|x64
		{1FB817BC-2AEE-4525-BD57-5E5013150E44}.Debug|x86.ActiveCfg = Debug|Win32
		{1FB817BC-2AEE-4525-BD57-5E5013150E44}.Debug|x86.Build.0 = Debug|Win32
		{1FB817BC-2AEE-4525-BD57-5E5013150E44}.Release|x64.ActiveCfg = Release|x64
		{1FB817BC-2AEE-4525-BD57-5E5013150E44}.Release|x64.Build.0 = Release|x64
		{1FB817BC-2AEE-4525-BD57-5E5013150E44}.Release|x86.ActiveCfg = Release|Win32
		{1FB817BC-2AEE-4525-BD57-5E5013150E44}.Release|x86.Build.0 = Release|Win32
		{84D40D31-1A74-42B8-831B-7278C117A42C}.Debug|x64.ActiveCfg = Debug|x64
		{84D40D31-1A74-42B8-831B-7278C117A42C}.Debug|x64.Build.0 = Debug|x64
		{84D40D31-1A74-42B8-831B-7278C117A42C}.Debug|x86.ActiveCfg = Debug|Win32
		{84D40D31-1A74-42B8-831B-7278C117A42C}.Debug|x86.Build.0 = Debug|Win32
		{84D40D31-1A74-42B8-831B-7278C117A42C}.Release|x64.ActiveCfg = Release|x64
		{84D40D31-1A74-42B8-831B-7278C117A42C}.Release|x64.Build.0 = Release|x64
		{84D40D31-1A74-42B8-831B-7278C117A42C}.Release|x86.ActiveCfg = Release|Win32
		{84D40D31-1A74-42B8-831B-7278C117A42C}.Release|x86.Build.0 = Release|Win32
		{5D53C9A0-CC92-4E0D-9098-FEE9CE4CDFFF}.Debug|x64.ActiveCfg = Debug|x64
		{5D53C9A0-CC92-4E0D-9098-FEE9CE4CDFFF}.Debug|x64.Build.0 = Debug|x64
		{5D53C9A0-CC92-4E0D-9098-FEE9CE4CDFFF}.Debug|x86.ActiveCfg = Debug|Win32
		{5D53C9A0-CC92-4E0D-9098-FEE9CE4CDFFF}.Debug|x86.Build.0 = Debug|Win32
		{5D53C9A0-CC92-4E0D-9098-FEE9CE4CDFFF}.Release|x64.ActiveCfg = Release|x64
		{5D53C9A0-CC92-4E0D-9098-FEE9CE4CDFFF}.Release|x64.Build.0 = Release|x64
		{5D53C9A0-CC92-4E0D-9098-FEE9CE4CDFFF}.Release|x86.ActiveCfg = Release|Win32
		{5D53C9A0-CC92-4E0D-9098-FEE9CE4CDFFF}.Release|x86.Build.0 = Release|Win32
		{AEB48B93-2EDD-40E1-8C19-B0EB5D716DEC}.Debug|x64.ActiveCfg = Debug|x64
		{AEB48B93-2EDD-40E1-8C19-B0EB5D716DEC}.Debug|x64.Build.0 = Debug|x64
		{AEB48B93-2EDD-40E1-8C19-B0EB5D716DEC}.Debug|x86.ActiveCfg = Debug|Win32
		{AEB48B93-2EDD-40E1-8C19-B0EB5D716DEC}.Debug|x86.Build.0 = Debug|Win32
		{AEB48B93-2EDD-40E1-8C19-B0EB5D716DEC}.Release|x64.ActiveCfg = Release|x64
		{AEB48B93-2EDD-40E1-8C19-B0EB5D716DEC}.Release|x64.Build.0 = Release|x64
		{AEB48B93-2EDD-40E1-8C19-B0EB5D716DEC}.Release|x86.ActiveCfg = Release|Win32
		{AEB48B93-2EDD-40E1-8C19-B0EB5D716DEC}.Release|x86.Build.0 = Release|Win32
		{3735D5CD-19C8-47D8-A727-4C8AB2C90300}.Debug|x64.ActiveCfg = Debug|x64
		{3735D5CD-19C8-47D8-A727-4C8AB2C90300}.Debug|x64.Build.0 = Debug|x64
		{3735D5CD-19C8-47D8-A727-4C8AB2C90300}.Debug|x86.ActiveCfg = Debug|Win32
		{3735D5CD-19C8-47D8-A727-4C8AB2C90300}.Debug|x86.Build.0 = Debug|Win32
		{3735D5CD-19C8-47D8-A727-4C8AB2C90300}.Release|x64.ActiveCfg = Release|x64
		{3735D5CD-19C8-47D8-A727-4C8AB2C90300}.Release|x64.Build.0 = Release|x64
		{3735D5CD-19C8-47D8-A727-4C8AB2C90300}.Release|x86.ActiveCfg = Release|Win32
		{3735D5CD-19C8-47D8-A727-4C8AB2C90300}.Release|x86.Build.0 = Release|Win32
		{CF2CB218-74BA-4DF6-AE08-48B7744D599D}.Debug|x64.ActiveCfg = Debug|x64
		{CF2CB218-74BA-4DF6-AE08-48B7744D599D}.Debug|x64.Build.0 = Debug|x64
		{CF2CB218-74BA-4DF6-AE08-48B7744D599D}.Debug|x86.ActiveCfg = Debug|Win32
		{CF2CB218-74BA-4DF6-AE08-48B7744D599D}.Debug|x86.Build.0 = Debug|Win32
		{CF2CB218-74BA-4DF6-AE08-48B7744D599D}.Release|x64.ActiveCfg = Release|x64
		{CF2CB218-74BA-4DF6-AE08-48B7744D599D}.Release|x64.Build.0 = Release|x64
		{CF2CB218-74BA-4DF6-AE08-48B7744D599D}.Release|x86.ActiveCfg = Release|Win32
		{CF2CB218-74BA-4DF6-AE08-48B7744D599D}.Release|x86.Build.0 = Release|Win32
		{BCB53E53-87F9-419F-B3A9-0FA896E55C62}.Debug|x64.ActiveCfg = Debug|x64
		{BCB53E53-87F9-419F-B3A9-0FA896E55C62}.Debug|x64.Build.0 = Debug|x64
		{BCB53E53-87F9-419F-B3A9-0FA896E55C62}.Debug|x86.ActiveCfg = Debug|Win32
		{BCB53E53-87F9-419F-B3A9-0FA896E55C62}.Debug|x86.Build.0 = Debug|Win32
		{BCB53E53-87F9-419F-B3A9-0FA896E55C62}.Release|x64.ActiveCfg = Release|x64
		{BCB53E53-87F9-419F-B3A9-0FA896E55C62}.Release|x64.Build.0 = Release|x64
		{BCB53E53-87F9-419F-B3A9-0FA896E55C62}.Release|x86.ActiveCfg = Release|Win32
		{BCB53E53-87F9-419F-B3A9-0FA896E55C62}.Release|x86.Build.0 = Release|Win32
		{180FAFDD-FABE-4675-96D8-40FCBB73C7D1}.Debug|x64.ActiveCfg = Debug|x64
		{180FAFDD-FABE-4675-96D8-40FCBB73C7D1}.Debug|x64.Build.0 = Debug|x64
		{180FAFDD-FABE-4675-96D8-40FCBB73C7D1}.Debug|x86.ActiveCfg = Debug|Win32
		{180FAFDD-FABE-4675-96D8-40FCBB73C7D1}.Debug|x86.Build.0 = Debug|Win32
		{180FAFDD-FABE-4675-96D8-40FCBB73C7D1}.Release|x64.ActiveCfg = Release|x64
		{180FAFDD-FABE-4675-96D8-40FCBB73C7D1}.Release|x64.Build.0 = Release|x64
		{180FAFDD-FABE-4675-96D8-40FCBB73C7D1}.Release|x86.ActiveCfg = Release|Win32
		{180FAFDD-FABE-4675-96D8-40FCBB73C7D1}.Release|x86.Build.0 = Release|Win32
		{8D8D810E-3704-4589-8BEB-E65C3175AACC}.Debug|x64.ActiveCfg = Debug|x64
		{8D8D810E-3704-4589-8BEB-E65C3175AACC}.Debug|x64.Build.0 = Debug|x64
		{8D8D810E-3704-4589-8BEB-E65C3175AACC}.Debug|x86.ActiveCfg = Debug|Win32
		{8D8D810E-3704-4589-8BEB-E65C3175AACC}.Debug|x86.Build.0 = Debug|Win32
		{8D8D810E-3704-4589-8BEB-E65C3175AACC}.Release|x64.ActiveCfg = Release|x64
		{8D8D810E-3704-4589-8BEB-E65C3175AACC}.Release|x64.Build.0 = Release|x64
		{8D8D810E-3704-4589-8BEB-E65C3175AACC}.Release|x86.ActiveCfg = Release|Win32
		{8D8D810E-3704-4589-8BEB-E65C3175AACC}.Release|x86.Build.0 = Release|Win32
		{02D26EA6-5F32-4341-8C52-094AED4B9A32}.Debug|x64.ActiveCfg = Debug|x64
		{02D26EA6-5F32-4341-8C52-094AED4B9A32}.Debug|x64.Build.0 = Debug|x64
		{02D26EA6-5F32-4341-8C52-094AED4B9A32}.Debug|x86.ActiveCfg = Debug|Win32
		{02D26EA6-5F32-4341-8C52-094AED4B9A32}.Debug|x86.Build.0 = Debug|Win32
		{02D26EA6-5F32-4341-8C52-094AED4B9A32}.Release|x64.ActiveCfg = Release|x64
		{02D26EA6-5F32-4341-8C52-094AED4B9A32}.Release|x64.Build.0 = Release|x64
		{02D26EA6-5F32-4341-8C52-094AED4B9A32}.Release|x86.ActiveCfg = Release|Win32
		{02D26EA6-5F32-4341-8C52-094AED4B9A32}.Release|x86.Build.0 = Release|Win32
		{1F19DAFD-BECA-4879-AD7B-F9BEC7D95C5F}.Debug|x64.ActiveCfg = Debug|x64
		{1F19DAFD-BECA-4879-AD7B-F9BEC7D95C5F}.Debug|x64.Build.0 = Debug|x64
		{1F19DAFD-BECA-4879-AD7B-F9BEC7D95C5F}.Debug|x86.ActiveCfg = Debug|Win32
		{1F19DAFD-BECA-4879-AD7B-F9BEC7D95C5F}.Debug|x86.Build.0 = Debug|Win32
		{1F19DAFD-BECA-4879-AD7B-F9BEC7D95C5F}.Release|x64.ActiveCfg = Release|x64
		{1F19DAFD-BECA-4879-AD7B-F9BEC7D95C5F}.Release|x64.Build.0 = Release|x64
		{1F19DAFD-BECA-4879-AD7B-F9BEC7D95C5F}.Release|x86.ActiveCfg = Release|Win32
		{1F19DAFD-BECA-4879-AD7B-F9BEC7D95C5F}.Release|x86.Build.0 = Release|Win32
		{23B8CA94-0F84-40D1-9D43-0779B57534E9}.Debug|x64.ActiveCfg = Debug|x64
		{23B8CA94-0F84-40D1-9D43-0779B57534E9}.Debug|x64.Build.0 = Debug|x64
		{23B8CA94-0F84-40D1-9D43-0779B57534E9}.Debug|x86.ActiveCfg = Debug|Win32
		{23B8CA94-0F84-40D1-9D43-0779B57534E9}.Debug|x86.Build.0 = Debug|Win32
		{23B8CA94-0F84-40D1-9D43-0779B57534E9}.Release|x64.ActiveCfg = Release|x64
		{23B8CA94-0F84-40D1-9D43-0779B57534E9}.Release|x64.Build.0 = Release|x64
		{23B8CA94-0F84-40D1-9D43-0779B57534E9}.Release|x86.ActiveCfg = Release|Win32
		{23B8CA94-0F84-40D1-9D43-0779B57534E9}.Release|x86.Build.0 = Release|Win32
		{85CF91F6-DE2D-454E-97EC-55D8AEE93FD0}.Debug|x64.ActiveCfg = Debug|x64
		{85CF91F6-DE2D-454E-97EC-55D8AEE93FD0}.Debug|x64.Build.0 = Debug|x64
		{85CF91F6-DE2D-454E-97EC-55D8AEE93FD0}.Debug|x86.ActiveCfg = Debug|Win32
		{85CF91F6-DE2D-454E-97EC-55D8AEE93FD0}.Debug|x86.Build.0 = Debug|Win32
		{85CF91F6-DE2D-454E-97EC-55D8AEE93FD0}.Release|x64.ActiveCfg = Release|x64
		{85CF91F6-DE2D-454E-97EC-55D8AEE93FD0}.Release|x64.Build.0 = Release|x64
		{85CF91F6-DE2D-454E-97EC-55D8AEE93FD0}.Release|x86.ActiveCfg = Release|Win32
		{85CF91F6-DE2D-454E-97EC-55D8AEE93FD0}.Release|x86.Build.0 = Release|Win32
		{5C45EB7F-2072-425E-A2CD-D045579E8EF0}.Debug|x64.ActiveCfg = Debug|x64
		{5C45EB7F-2072-425E-A2CD-D045579E8EF0}.Debug|x64.Build.0 = Debug|x64
		{5C45EB7F-2072-425E-A2CD-D045579E8EF0}.Debug|x86.ActiveCfg = Debug|Win32
		{5C45EB7F-2072-425E-A2CD-D045579E8EF0}.Debug|x86.Build.0 = Debug|Win32
		{5C45EB7F-2072-425E-A2CD-D045579E8EF0}.Release|x64.ActiveCfg = Release|x64
		{5C45EB7F-2072-425E-A2CD-D045579E8EF0}.Release|x64.Build.0 = Release|x64
		{5C45EB7F-2072-425E-A2CD-D045579E8EF0}.Release|x86.ActiveCfg = Release|Win32
		{5C45EB7F-2072-425E-A2CD-D045579E8EF0}.Release|x86.Build.0 = Release|Win32
		{4B81245F-D705-47B6-A704-6305AD426A8D}.Debug|x64.ActiveCfg = Debug|x64
		{4B81245F-D705-47B6-A704-6305AD426A8D}.Debug|x64.Build.0 = Debug|x64
		{4B81245F-D705-47B6-A704-6305AD426A8D}.Debug|x86.ActiveCfg = Debug|Win32
		{4B81245F-D705-47B6-A704-6305AD426A8D}.Debug|x86.Build.0 = Debug|Win32
		{4B81245F-D705-47B6-A704-6305AD426A8D}.Release|x64.ActiveCfg = Release|x64
		{4B81245F-D705-47B6-A704-6305AD426A8D}.Release|x64.Build.0 = Release|x64
		{4B81245F-D705-47B6-A704-6305AD426A8D}.Release|x86.ActiveCfg = Release|Win32
		{4B81245F-D705-47B6-A704-6305AD426A8D}.Release|x86.Build.0 = Release|Win32
		{48106BCB-5D27-4DBA-8073-775C019E5519}.Debug|x64.ActiveCfg = Debug|x64
		{48106BCB-5D27-4DBA-8073-775C019E5519}.Debug|x64.Build.0 = Debug|x64
		{48106BCB-5D27-4DBA-8073-775C019E5519}.Debug|x86.ActiveCfg = Debug|Win32
		{48106BCB-5D27-4DBA-8073-775C019E5519}.Debug|x86.Build.0 = Debug|Win32
		{48106BCB-5D27-4DBA-8073-775C019E5519}.Release|x64.ActiveCfg = Release|x64
		{48106BCB-5D27-4DBA-8073-775C019E5519}.Release|x64.Build.0 = Release|x64
		{48106BCB-5D27-4DBA-8073-775C019E5519}.Release|x86.ActiveCfg = Release|Win32
		{48106BCB-5D27-4DBA-8073-775C019E5519}.Release|x86.Build.0 = Release|Win32
		{3C7E01D5-056A-4DE0-8DAA-B0941322A0E0}.Debug|x64.ActiveCfg = Debug|x64
		{3C7E01D5-056A-4DE0-8DAA-B0941322A0E0}.Debug|x64.Build.0 = Debug|x64
		{3C7E01D5-056A-4DE0-8DAA-B0941322A0E0}.Debug|x86.ActiveCfg = Debug|Win32
		{3C7E01D5-056A-4DE0-8DAA-B0941322A0E0}.Debug|x86.Build.0 = Debug|Win32
		{3C7E01D5-056A-4DE0-8DAA-B0941322A0E0}.Release|x64.ActiveCfg = Release|x64
		{3C7E01D5-056A-4DE0-8DAA-B0941322A0E0}.Release|x64.Build.0 = Release|x64
		{3C7E01D5-056A-4DE0-8DAA-B0941322A0E0}.Release|x86.ActiveCfg = Release|Win32
		{3C7E01D5-056A-4DE0-8DAA-B0941322A0E0}.Release|x86.Build.0 = Release|Win32
		{2A0C3C8B-1FC0-484D-9C14-5D92288C6CC0}.Debug|x64.ActiveCfg = Debug|x64
		{2A0C3C8B-1FC0-484D-9C14-5D92288C6CC0}.Debug|x64.Build.0 = Debug|x64
		{2A0C3C8B-1FC0-484D-9C14-5D92288C6CC0}.Debug|x86.ActiveCfg = Debug|Win32
		{2A0C3C8B-1FC0-484D-9C14-5D92288C6CC0}.Debug|x86.Build.0 = Debug|Win32
		{2A0C3C8B-1FC0-484D-9C14-5D92288C6CC0}.Release|x64.ActiveCfg = Release|x64
		{2A0C3C8B-1FC0-484D-9C14-5D92288C6CC0}.Release|x64.Build.0 = Release|x64
		{2A0C3C8B-1FC0-484D-9C14-5D92288C6CC0}.Release|x86.ActiveCfg = Release|Win32
		{2A0C3C8B-1FC0-484D-9C14-5D92288C6CC0}.Release|x86.Build.0 = Release|Win32
		{7F069C10-058C-4A13-A34C-EAEF1FD7D609}.Debug|x64.ActiveCfg = Debug|x64
		{7F069C10-058C-4A13-A34C-EAEF1FD7D609}.Debug|x64.Build.0 = Debug|x64
		{7F069C10-058C-4A13-A34C-EAEF1FD7D609}.Debug|x86.ActiveCfg = Debug|Win32
		{7F069C10-058C-4A13-A34C-EAEF1FD7D609}.Debug|x86.Build.0 = Debug|Win32
		{7F069C10-058C-4A13-A34C-EAEF1FD7D609}.Release|x64.ActiveCfg = Release|x64
		{7F069C10-058C-4A13-A34C-EAEF1FD7D609}.Release|x64.Build.0 = Release|x64
		{7F069C10-058C-4A13-A34C-EAEF1FD7D609}.Release|x86.ActiveCfg = Release|Win32
		{7F069C10-058C-4A13-A34C-EAEF1FD7D609}.Release|x86.Build.0 = Release|Win32
		{B84449E6-F741-45E8-B394-5E0B630C020B}.Debug|x64.ActiveCfg = Debug|x64
		{B84449E6-F741-45E8-B394-5E0B630C020B}.Debug|x64.Build.0 = Debug|x64
		{B84449E6-F741-45E8-B394-5E0B630C020B}.Debug|x86.ActiveCfg = Debug|Win32
		{B84449E6-F741-45E8-B394-5E0B630C020B}.Debug|x86.Build.0 = Debug|Win32
		{B84449E6-F741-45E8-B394-5E0B630C020B}.Release|x64.ActiveCfg = Release|x64
		{B84449E6-F741-45E8-B394-5E0B630C020B}.Release|x64.Build.0 = Release|x64
		{B84449E6-F741-45E8-B394-5E0B630C020B}.Release|x86.ActiveCfg = Release|Win32
		{B84449E6-F741-45E8-B394-5E0B630C020B}.Release|x86.Build.0 = Release|Win32
		{CCB1FA99-57DB-4DFA-A0E3-D247510821AF}.Debug|x64.ActiveCfg = Debug|x64
		{CCB1FA99-57DB-4DFA-A0E3-D247510821AF}.Debug|x64.Build.0 = Debug|x64
		{CCB1FA99-57DB-4DFA-A0E3-D247510821AF}.Debug|x86.ActiveCfg = Debug|Win32
		{CCB1FA99-57DB-4DFA-A0E3-D247510821AF}.Debug|x86.Build.0 = Debug|Win32
		{CCB1FA99-57DB-4DFA-A0E3-D247510821AF}.Release|x64.ActiveCfg = Release|x64
		{CCB1FA99-57DB-4DFA-A0E3-D247510821AF}.Release|x64.Build.0 = Release|x64
		{CCB1FA99-57DB-4DFA-A0E3-D247510821AF}.Release|x86.ActiveCfg = Release|Win32
		{CCB1FA99-57DB-4DFA-A0E3-D247510821AF}.Release|x86.Build.0 = Release|Win32
		{5C3200B7-7658-4C09-ADCD-835993957E07}.Debug|x64.ActiveCfg = Debug|x64
		{5C3200B7-7658-4C09-ADCD-835993957E07}.Debug|x64.Build.0 = Debug|x64
		{5C3200B7-7658-4C09-ADCD-835993957E07}.Debug|x86.ActiveCfg = Debug|Win32
		{5C3200B7-7658-4C09-ADCD-835993957E07}.Debug|x86.Build.0 = Debug|Win32
		{5C3200B7-7658-4C09-ADCD-835993957E07}.Release|x64.ActiveCfg = Release|x64
		{5C3200B7-7658-4C09-ADCD-835993957E07}.Release|x64.Build.0 = Release|x64
		{5C3200B7-7658-4C09-ADCD-835993957E07}.Release|x86.ActiveCfg = Release|Win32
		{5C3200B7-7658-4C09-ADCD-835993957E07}.Release|x86.Build.0 = Release|Win32
		{147B1814-3C44-4464-8B06-1C88FB114408}.Debug|x64.ActiveCfg = Debug|x64
		{147B1814-3C44-4464-8B06-1C88FB114408}.Debug|x64.Build.0 = Debug|x64
		{147B1814-3C44-4464-8B06-1C88FB114408}.Debug|x86.ActiveCfg = Debug|Win32
		{147B1814-3C44-4464-8B06-1C88FB114408}.Debug|x86.Build.0 = Debug|Win32
		{147B1814-3C44-4464-8B06-1C88FB114408}.Release|x64.ActiveCfg = Release|x64
		{147B1814-3C44-4464-8B06-1C88FB114408}.Release|x64.Build.0 = Release|x64
		{147B1814-3C44-4464-8B06-1C88FB114408}.Release|x86.ActiveCfg = Release|Win32
		{147B1814-3C44-4464-8B06-1C88FB114408}.Release|x86.Build.0 = Release|Win32
		{BDC9BB11-7ADB-47FE-AC56-27904DAF797F}.Debug|x64.ActiveCfg = Debug|x64
		{BDC9BB11-7ADB-47FE-AC56-27904DAF797F}.Debug|x64.Build.0 = Debug|x64
		{BDC9BB11-7ADB-47FE-AC56-27904DAF797F}.Debug|x86.ActiveCfg = Debug|Win32
		{BDC9BB11-7ADB-47FE-AC56-27904DAF797F}.Debug|x86.Build.0 = Debug|Win32
		{BDC9BB11-7ADB-47FE-AC56-27904DAF797F}.Release|x64.ActiveCfg = Release|x64
		{BDC9BB11-7ADB-47FE-AC56-27904DAF797F}.Release|x64.Build.0 = Release|x64
		{BDC9BB11-7ADB-47FE-AC56-27904DAF797F}.Release|x86.ActiveCfg = Release|Win32
		{BDC9BB11-7ADB-47FE-AC56-27904DAF797F}.Release|x86.Build.0 = Release|Win32
		{A8FEE6A9-8600-4F5E-9ADC-AEBBC408CD06}.Debug|x64.ActiveCfg = Debug|x64
		{A8FEE6A9-8600-4F5E-9ADC-AEBBC408CD06}.Debug|x64.Build.0 = Debug|x64
		{A8FEE6A9-8600-4F5E-9ADC-AEBBC408CD06}.Debug|x86.ActiveCfg = Debug|Win32
		{A8FEE6A9-8600-4F5E-9ADC-AEBBC408CD06}.Debug|x86.Build.0 = Debug|Win32
		{A8FEE6A9-8600-4F5E-9ADC-AEBBC408CD06}.Release|x64.ActiveCfg = Release|x64
		{A8FEE6A9-8600-4F5E-9ADC-AEBBC408CD06}.Release|x64.Build.0 = Release|x64
		{A8FEE6A9-8600-4F5E-9ADC-AEBBC408CD06}.Release|x86.ActiveCfg = Release|Win32
		{A8FEE6A9-8600-4F5E-9ADC-AEBBC408CD06}.Release|x86.Build.0 = Release|Win32
		{7DBEFE79-1A3C-4B2F-9479-E7E40D1B453A}.Debug|x64.ActiveCfg = Debug|x64
		{7DBEFE79-1A3C-4B2F-9479-E7E40D1B453A}.Debug|x64.Build.0 = Debug|x64
		{7DBEFE79-1A3C-4B2F-9479-E7E40D1B453A}.Debug|x86.ActiveCfg = Debug|Win32
		{7DBEFE79-1A3C-4B2F-9479-E7E40D1B453A}.Debug|x86.Build.0 = Debug|Win32
		{7DBEFE79-1A3C-4B2F-9479-E7E40D1B453A}.Release|x64.ActiveCfg = Release|x64
		{7DBEFE79-1A3C-4B2F-9479-E7E40D1B453A}.Release|x64.Build.0 = Release|x64
		{7DBEFE79-1A3C-4B2F-9479-E7E40D1B453A}.Release|x86.ActiveCfg = Release|Win32
		{7DBEFE79-1A3C-4B2F-9479-E7E40D1B453A}.Release|x86.Build.0 = Release|Win32
		{DC4F3258-B76F-4266-995E-C6B6D109C648}.Debug|x64.ActiveCfg = Debug|x64
		{DC4F3258-B76F-4266-995E-C6B6D109C648}.Debug|x64.Build.0 = Debug|x64
		{DC4F3258-B76F-4266-995E-C6B6D109C648}.Debug|x86.ActiveCfg = Debug|Win32
		{DC4F3258-B76F-4266-995E-C6B6D109C648}.Debug|x86.Build.0 = Debug|Win32
		{DC4F3258-B76F-4266-995E-C6B6D109C648}.Release|x64.ActiveCfg = Release|x64
		{DC4F3258-B76F-4266-995E-C6B6D109C648}.Release|x64.Build.0 = Release|x64
		{DC4F3258-B76F-4266-995E-C6B6D109C648}.Release|x86.ActiveCfg = Release|Win32
		{DC4F3258-B76F-4266-995E-C6B6D109C648}.Release|x86.Build.0 = Release|Win32
		{B437C084-BE90-4B11-8FD6-FFB1EB31962D}.Debug|x64.ActiveCfg = Debug|x64
		{B437C084-BE90-4B11-8FD6-FFB1EB31962D}.Debug|x64.Build.0 = Debug|x64
		{B437C084-BE90-4B11-8FD6-FFB1EB31962D}.Debug|x86.ActiveCfg = Debug|Win32
		{B437C084-BE90-4B11-8FD6-FFB1EB31962D}.Debug|x86.Build.0 = Debug|Win32
		{B437C084-BE90-4B11-8FD6-FFB1EB31962D}.Release|x64.ActiveCfg = Release|x64
		{B437C084-BE90-4B11-8FD6-FFB1EB31962D}.Release|x64.Build.0 = Release|x64
		{B437C084-BE90-4B11-8FD6-FFB1EB31962D}.Release|x86.ActiveCfg = Release|Win32
		{B437C084-BE90-4B11-8FD6-FFB1EB31962D}.Release|x86.Build.0 = Release|Win32
		{2C9F1559-5547-4BC3-9062-AC2F1E9B34EB}.Debug|x64.ActiveCfg = Debug|x64
		{2C9F1559-5547-4BC3-9062-AC2F1E9B34EB}.Debug|x64.Build.0 = Debug|x64
		{2C9F1559-5547-4BC3-9062-AC2F1E9B34EB}.Debug|x86.ActiveCfg = Debug|Win32
		{2C9F1559-5547-4BC3-9062-AC2F1E9B34EB}.Debug|x86.Build.0 = Debug|Win32
		{2C9F1559-5547-4BC3-9062-AC2F1E9B34EB}.Release|x64.ActiveCfg = Release|x64
		{2C9F1559-5547-4BC3-9062-AC2F1E9B34EB}.Release|x64.Build.0 = Release|x64
		{2C9F1559-5547-4BC3-9062-AC2F1E9B34EB}.Release|x86.ActiveCfg = Release|Win32
		{2C9F1559-5547-4BC3-9062-AC2F1E9B34EB}.Release|x86.Build.0 = Release|Win32
		{5FA0CCA0-6303-43FD-96A9-EBA2E80F8D5A}.Debug|x64.ActiveCfg = Debug|x64
		{5FA0CCA0-6303-43FD-96A9-EBA2E80F8D5A}.Debug|x64.Build.0 = Debug|x64
		{5FA0CCA0-6303-43FD-96A9-EBA2E80F8D5A}.Debug|x86.ActiveCfg = Debug|Win32
		{5FA0CCA0-6303-43FD-96A9-EBA2E80F8D5A}.Debug|x86.Build.0 = Debug|Win32
		{5FA0CCA0-6303-43FD-96A9-EBA2E80F8D5A}.Release|x64.ActiveCfg = Release|x64
		{5FA0CCA0-6303-43FD-96A9-EBA2E80F8D5A}.Release|x64.Build.0 = Release|x64
		{5FA0CCA0-6303-43FD-96A9-EBA2E80F8D5A}.Release|x86.ActiveCfg = Release|Win32
		{5FA0CCA0-6303-43FD-96A9-EBA2E80F8D5A}.Release|x86.Build.0 = Release|Win32
		{76FF2711-4256-441E-8A03-7160395C7E98}.Debug|x64.ActiveCfg = Debug|x64
		{76FF2711-4256-441E-8A03-7160395C7E98}.Debug|x64.Build.0 = Debug|x64
		{76FF2711-4256-441E-8A03-7160395C7E98}.Debug|x86.ActiveCfg = Debug|Win32
		{76FF2711-4256-441E-8A03-7160395C7E98}.Debug|x86.Build.0 = Debug|Win32
		{76FF2711-4256-441E-8A03-7160395C7E98}.Release|x64.ActiveCfg = Release|x64
		{76FF2711-4256-441E-8A03-7160395C7E98}.Release|x64.Build.0 = Release|x64
		{76FF2711-4256-441E-8A03-7160395C7E98}.Release|x86.ActiveCfg = Release|Win32
		{76FF2711-4256-441E-8A03-7160395C7E98}.Release|x86.Build.0 = Release|Win32
		{1A0F7DBB-65DF-4DF1-98BE-1058F97FFBE3}.Debug|x64.ActiveCfg = Debug|x64
		{1A0F7DBB-65DF-4DF1-98BE-1058F97FFBE3}.Debug|x64.Build.0 = Debug|x64
		{1A0F7DBB-65DF-4DF1-98BE-1058F97FFBE3}.Debug|x86.ActiveCfg = Debug|Win32
		{1A0F7DBB-65DF-4DF1-98BE-1058F97FFBE3}.Debug|x86.Build.0 = Debug|Win32
		{1A0F7DBB-65DF-4DF1-98BE-1058F97FFBE3}.Release|x64.ActiveCfg = Release|x64
		{1A0F7DBB-65DF-4DF1-98BE-1058F97FFBE3}.Release|x64.Build.0 = Release|x64
		{1A0F7DBB-65DF-4DF1-98BE-1058F97FFBE3}.Release|x86.ActiveCfg = Release|Win32
		{1A0F7DBB-65DF-4DF1-98BE-1058F97FFBE3}.Release|x86.Build.0 = Release|Win32
		{BA28A51E-CA2A-4FF7-A394-52EA356517D5}.Debug|x64.ActiveCfg = Debug|x64
		{BA28A51E-CA2A-4FF7-A394-52EA356517D5}.Debug|x64.Build.0 = Debug|x64
		{BA28A51E-CA2A-4FF7-A394-52EA356517D5}.Debug|x86.ActiveCfg = Debug|Win32
		{BA28A51E-CA2A-4FF7-A394-52EA356517D5}.Debug|x86.Build.0 = Debug|Win32
		{BA28A51E-CA2A-4FF7-A394-52EA356517D5}.Release|x64.ActiveCfg = Release|x64
		{BA28A51E-CA2A-4FF7-A394-52EA356517D5}.Release|x64.Build.0 = Release|x64
		{BA28A51E-CA2A-4FF7-A394-52EA356517D5}.Release|x86.ActiveCfg = Release|Win32
		{BA28A51E-CA2A-4FF7-A394-52EA356517D5}.Release|x86.Build.0 = Release|Win32
		{C61CA3A1-3BCA-4601-955D-235ABE276752}.Debug|x64.ActiveCfg = Debug|x64
		{C61CA3A1-3BCA-4601-955D-235ABE276752}.Debug|x64.Build.0 = Debug|x64
		{C61CA3A1-3BCA-4601-955D-235ABE276752}.Debug|x86.ActiveCfg = Debug|Win32
		{C61CA3A1-3BCA-4601-955D-235ABE276752}.Debug|x86.Build.0 = Debug|Win32
		{C61CA3A1-3BCA-4601-955D-235ABE276752}.Release|x64.ActiveCfg = Release|x64
		{C61CA3A1-3BCA-4601-955D-235ABE276752}.Release|x64.Build.0 = Release|x64
		{C61CA3A1-3BCA-4601-955D-235ABE276752}.Release|x86.ActiveCfg = Release|Win32
		{C61CA3A1-3BCA-4601-955D-235ABE276752}.Release|x86.Build.0 = Release|Win32
		{15B361BE-5148-423D-8938-5051A1E529E8}.Debug|x64.ActiveCfg = Debug|x64
		{15B361BE-5148-423D-8938-5051A1E529E8}.Debug|x64.Build.0 = Debug|x64
		{15B361BE-5148-423D-8938-5051A1E529E8}.Debug|x86.ActiveCfg = Debug|Win32
		{15B361BE-5148-423D-8938-5051A1E529E8}.Debug|x86.Build.0 = Debug|Win32
		{15B361BE-5148-423D-8938-5051A1E529E8}.Release|x64.ActiveCfg = Release|x64
		{15B361BE-5148-423D-8938-5051A1E529E8}.Release|x64.Build.0 = Release|x64
		{15B361BE-5148-423D-8938-5051A1E529E8}.Release|x86.ActiveCfg = Release|Win32
		{15B361BE-5148-423D-8938-5051A1E529E8}.Release|x86.Build.0 = Release|Win32
		{747EC59C-E337-4570-9403-7317928D2A53}.Debug|x64.ActiveCfg = Debug|x64
		{747EC59C-E337-4570-9403-7317928D2A53}.Debug|x64.Build.0 = Debug|x64
		{747EC59C-E337-4570-9403-7317928D2A53}.Debug|x86.ActiveCfg = Debug|Win32
		{747EC59C-E337-4570-9403-7317928D2A53}.Debug|x86.Build.0 = Debug|Win32
		{747EC59C-E337-4570-9403-7317928D2A53}.Release|x64.ActiveCfg = Release|x64
		{747EC59C-E337-4570-9403-7317928D2A53}.Release|x64.Build.0 = Release|x64
		{747EC59C-E337-4570-9403-7317928D2A53}.Release|x86.ActiveCfg = Release|Win32
		{747EC59C-E337-4570-9403-7317928D2A53}.Release|x86.Build.0 = Release|Win32
		{463A6B8F-5295-45EF-AD85-C2FD1CFD14F6}.Debug|x64.ActiveCfg = Debug|x64
		{463A6B8F-5295-45EF-AD85-C2FD1CFD14F6}.Debug|x64.Build.0 = Debug|x64
		{463A6B8F-5295-45EF-AD85-C2FD1CFD14F6}.Debug|x86.ActiveCfg = Debug|Win32
		{463A6B8F-5295-45EF-AD85-C2FD1CFD14F6}.Debug|x86.Build.0 = Debug|Win32
		{463A6B8F-5295-45EF-AD85-C2FD1CFD14F6}.Release|x64.ActiveCfg = Release|x64
		{463A6B8F-5295-45EF-AD85-C2FD1CFD14F6}.Release|x64.Build.0 = Release|x64
		{463A6B8F-5295-45EF-AD85-C2FD1CFD14F6}.Release|x86.ActiveCfg = Release|Win32
		{463A6B8F-5295-45EF-AD85-C2FD1CFD14F6}.Release|x86.Build.0 = Release|Win32
		{7F7E4300-864F-4811-88A3-F4998B59410C}.Debug|x64.ActiveCfg = Debug|x64
		{7F7E4300-864F-4811-88A3-F4998B59410C}.Debug|x64.Build.0 = Debug|x64
		{7F7E4300-864F-4811-88A3-F4998B59410C}.Debug|x86.ActiveCfg = Debug|Win32
		{7F7E4300-864F-4811-88A3-F4998B59410C}.Debug|x86.Build.0 = Debug|Win32
		{7F7E4300-864F-4811-88A3-F4998B59410C}.Release|x64.ActiveCfg = Release|x64
		{7F7E4300-864F-4811-88A3-F4998B59410C}.Release|x64.Build.0 = Release|x64
		{7F7E4300-864F-4811-88A3-F4998B59410C}.Release|x86.ActiveCfg = Release|Win32
		{7F7E4300-864F-4811-88A3-F4998B59410C}.Release|x86.Build.0 = Release|Win32
		{E6AC3ADD-BE68-4BA8-B1F3-1895196D298D}.Debug|x64.ActiveCfg = Debug|x64
		{E6AC3ADD-BE68-4BA8-B1F3-1895196D298D}.Debug|x64.Build.0 = Debug|x64
		{E6AC3ADD-BE68-4BA8-B1F3-1895196D298D}.Debug|x86.ActiveCfg = Debug|Win32
		{E6AC3ADD-BE68-4BA8-B1F3-1895196D298D}.Debug|x86.Build.0 = Debug|Win32
		{E6AC3ADD-BE68-4BA8-B1F3-1895196D298D}.Release|x64.ActiveCfg = Release|x64
		{E6AC3ADD-BE68-4BA8-B1F3-1895196D298D}.Release|x64.Build.0 = Release|x64
		{E6AC3ADD-BE68-4BA8-B1F3-1895196D298D}.Release|x86.ActiveCfg = Release|Win32
		{E6AC3ADD-BE68-4BA8-B1F3-1895196D298D}.Release|x86.Build.0 = Release|Win32
		{398188BF-07E4-4732-8371-88D6CC435A07}.Debug|x64.ActiveCfg = Debug|x64
		{398188BF-07E4-4732-8371-88D6CC435A07}.Debug|x64.Build.0 = Debug|x64
		{398188BF-07E4-4732-8371-88D6CC435A07}.Debug|x86.ActiveCfg = Debug|Win32
		{398188BF-07E4-4732-8371-88D6CC435A07}.Debug|x86.Build.0 = Debug|Win32
		{398188BF-07E4-4732-8371-88D6CC435A07}.Release|x64.ActiveCfg = Release|x64
		{398188BF-07E4-4732-8371-88D6CC435A07}.Release|x64.Build.0 = Release|x64
		{398188BF-07E4-4732-8371-88D6CC435A07}.Release|x86.ActiveCfg = Release|Win32
		{398188BF-07E4-4732-8371-88D6CC435A07}.Release|x86.Build.0 = Release|Win32
		{ADA95711-4612-4E6E-B6DF-928F0AF12AC0}.Debug|x64.ActiveCfg = Debug|x64
		{ADA95711-4612-4E6E-B6DF-928F0AF12AC0}.Debug|x64.Build.0 = Debug|x64
		{ADA95711-4612-4E6E-B6DF-928F0AF12AC0}.Debug|x86.ActiveCfg = Debug|Win32
		{ADA95711-4612-4E6E-B6DF-928F0AF12AC0}.Debug|x86.Build.0 = Debug|Win32
		{ADA95711-4612-4E6E-B6DF-928F0AF12AC0}.Release|x64.ActiveCfg = Release|x64
		{ADA95711-4612-4E6E-B6DF-928F0AF12AC0}.Release|x64.Build.0 = Release|x64
		{ADA95711-4612-4E6E-B6DF-928F0AF12AC0}.Release|x86.ActiveCfg = Release|Win32
		{ADA95711-4612-4E6E-B6DF-928F0AF12AC0}.Release|x86.Build.0 = Release|Win32
		{6FAD38F1-6F68-4294-BD9A-DE9894E5B013}.Debug|x64.ActiveCfg = Debug|x64
		{6FAD38F1-6F68-4294-BD9A-DE9894E5B013}.Debug|x64.Build.0 = Debug|x64
		{6FAD38F1-6F68-4294-BD9A-DE9894E5B013}.Debug|x86.ActiveCfg = Debug|Win32
		{6FAD38F1-6F68-4294-BD9A-DE9894E5B013}.Debug|x86.Build.0 = Debug|Win32
		{6FAD38F1-6F68-4294-BD9A-DE9894E5B013}.Release|x64.ActiveCfg = Release|x64
		{6FAD38F1-6F68-4294-BD9A-DE9894E5B013}.Release|x64.Build.0 = Release|x64
		{6FAD38F1-6F68-4294-BD9A-DE9894E5B013}.Release|x86.ActiveCfg = Release|Win32
		{6FAD38F1-6F68-4294-BD9A-DE9894E5B013}.Release|x86.Build.0 = Release|Win32
		{6C08AD9F-0C00-4CA8-BE2A-2EDD8FCA72D4}.Debug|x64.ActiveCfg = Debug|x64
		{6C08AD9F-0C00-4CA8-BE2A-2EDD8FCA72D4}.Debug|x64.Build.0 = Debug|x64
		{6C08AD9F-0C00-4CA8-BE2A-2EDD8FCA72D4}.Debug|x86.ActiveCfg = Debug|Win32
		{6C08AD9F-0C00-4CA8-BE2A-2EDD8FCA72D4}.Debug|x86.Build.0 = Debug|Win32
		{6C08AD9F-0C00-4CA8-BE2A-2EDD8FCA72D4}.Release|x64.ActiveCfg = Release|x64
		{6C08AD9F-0C00-4CA8-BE2A-2EDD8FCA72D4}.Release|x64.Build.0 = Release|x64
		{6C08AD9F-0C00-4CA8-BE2A-2EDD8FCA72D4}.Release|x86.ActiveCfg = Release|Win32
		{6C08AD9F-0C00-4CA8-BE2A-2EDD8FCA72D4}.Release|x86.Build.0 = Release|Win32
		{A55DDE27-5F34-4F29-8004-EA5A4A19763B}.Debug|x64.ActiveCfg = Debug|x64
		{A55DDE27-5F34-4F29-8004-EA5A4A19763B}.Debug|x64.Build.0 = Debug|x64
		{A55DDE27-5F34-4F29-8004-EA5A4A19763B}.Debug|x86.ActiveCfg = Debug|Win32
		{A55DDE27-5F34-4F29-8004-EA5A4A19763B}.Debug|x86.Build.0 = Debug|Win32
		{A55DDE27-5F34-4F29-8004-EA5A4A19763B}.Release|x64.ActiveCfg = Release|x64
		{A55DDE27-5F34-4F29-8004-EA5A4A19763B}.Release|x64.Build.0 = Release|x64
		{A55DDE27-5F34-4F29-8004-EA5A4A19763B}.Release|x86.ActiveCfg = Release|Win32
		{A55DDE27-5F34-4F29-8004-EA5A4A19763B}.Release|x86.Build.0 = Release|Win32
		{9E2C0F94-0B48-4A94-A956-28EC37B889E6}.Debug|x64.ActiveCfg = Debug|x64
		{9E2C0F94-0B48-4A94-A956-28EC37B889E6}.Debug|x64.Build.0 = Debug|x64
		{9E2C0F94-0B48-4A94-A956-28EC37B889E6}.Debug|x86.ActiveCfg = Debug|Win32
		{9E2C0F94-0B48-4A94-A956-28EC37B889E6}.Debug|x86.Build.0 = Debug|Win32
		{9E2C0F94-0B48-4A94-A956-28EC37B889E6}.Release|x64.ActiveCfg = Release|x64
		{9E2C0F94-0B48-4A94-A956-28EC37B889E6}.Release|x64.Build.0 = Release|x64
		{9E2C0F94-0B48-4A94-A956-28EC37B889E6}.Release|x86.ActiveCfg = Release|Win32
		{9E2C0F94-0B48-4A94-A956-28EC37B889E6}.Release|x86.Build.0 = Release|Win32
		{A890DD6D-9145-4163-82B0-8FC21727FA0C}.Debug|x64.ActiveCfg = Debug|x64
		{A890DD6D-9145-4163-82B0-8FC21727FA0C}.Debug|x64.Build.0 = Debug|x64
		{A890DD6D-9145-4163-82B0-8FC21727FA0C}.Debug|x86.ActiveCfg = Debug|Win32
		{A890DD6D-9145-4163-82B0-8FC21727FA0C}.Debug|x86.Build.0 = Debug|Win32
		{A890DD6D-9145-4163-82B0-8FC21727FA0C}.Release|x64.ActiveCfg = Release|x64
		{A890DD6D-9145-4163-82B0-8FC21727FA0C}.Release|x64.Build.0 = Release|x64
		{A890DD6D-9145-4163-82B0-8FC21727FA0C}.Release|x86.ActiveCfg = Release|Win32
		{A890DD6D-9145-4163-82B0-8FC21727FA0C}.Release|x86.Build.0 = Release|Win32
		{642A6F82-31EE-4097-B969-54404CC80209}.Debug|x64.ActiveCfg = Debug|x64
		{642A6F82-31EE-4097-B969-54404CC80209}.Debug|x64.Build.0 = Debug|x64
		{642A6F82-31EE-4097-B969-54404CC80209}.Debug|x86.ActiveCfg = Debug|Win32
		{642A6F82-31EE-4097-B969-54404CC80209}.Debug|x86.Build.0 = Debug|Win32
		{642A6F82-31EE-4097-B969-54404CC80209}.Release|x64.ActiveCfg = Release|x64
		{642A6F82-31EE-4097-B969-54404CC80209}.Release|x64.Build.0 = Release|x64
		{642A6F82-31EE-4097-B969-54404CC80209}.Release|x86.ActiveCfg = Release|Win32
		{642A6F82-31EE-4097-B969-54404CC80209}.Release|x86.Build.0 = Release|Win32
		{65634C4A-17F3-42AE-8956-0ACC137D79C8}.Debug|x64.ActiveCfg = Debug|x64
		{65634C4A-17F3-42AE-8956-0ACC137D79C8}.Debug|x64.Build.0 = Debug|x64
		{65634C4A-17F3-42AE-8956-0ACC137D79C8}.Debug|x86.ActiveCfg = Debug|Win32
		{65634C4A-17F3-42AE-8956-0ACC137D79C8}.Debug|x86.Build.0 = Debug|Win32
		{65634C4A-17F3-42AE-8956-0ACC137D79C8}.Release|x64.ActiveCfg = Release|x64
		{65634C4A-17F3-42AE-8956-0ACC137D79C8}.Release|x64.Build.0 = Release|x64
		{65634C4A-17F3-42AE-8956-0ACC137D79C8}.Release|x86.ActiveCfg = Release|Win32
		{65634C4A-17F3-42AE-8956-0ACC137D79C8}.Release|x86.Build.0 = Release|Win32
		{0C6782C9-E1A0-4524-BCCA-80F82E23154F}.Debug|x64.ActiveCfg = Debug|x64
		{0C6782C9-E1A0-4524-BCCA-80F82E23154F}.Debug|x64.Build.0 = Debug|x64
		{0C6782C9-E1A0-4524-BCCA-80F82E23154F}.Debug|x86.ActiveCfg = Debug|Win32
		{0C6782C9-E1A0-4524-BCCA-80F82E23154F}.Debug|x86.Build.0 = Debug|Win32
		{0C6782C9-E1A0-4524-BCCA-80F82E23154F}.Release|x64.ActiveCfg = Release|x64
		{0C6782C9-E1A0-4524-BCCA-80F82E23154F}.Release|x64.Build.0 = Release|x64
		{0C6782C9-E1A0-4524-BCCA-80F82E23154F}.Release|x86.ActiveCfg = Release|Win32
		{0C6782C9-E1A0-4524-BCCA-80F82E23154F}.Release|x86.Build.0 = Release|Win32
		{A4EECF17-585C-4E2E-85D3-10D607FBA0F1}.Debug|x64.ActiveCfg = Debug|x64
		{A4EECF17-585C-4E2E-85D3-10D607FBA0F1}.Debug|x64.Build.0 = Debug|x64
		{A4EECF17-585C-4E2E-85D3-10D607FBA0F1}.Debug|x86.ActiveCfg = Debug|Win32
		{A4EECF17-585C-4E2E-85D3-10D607FBA0F1}.Debug|x86.Build.0 = Debug|Win32
		{A4EECF17-585C-4E2E-85D3-10D607FBA0F1}.Release|x64.ActiveCfg = Release|x64
		{A4EECF17-585C-4E2E-85D3-10D607FBA0F1}.Release|x64.Build.0 = Release|x64
		{A4EECF17-585C-4E2E-85D3-10D607FBA0F1}.Release|x86.ActiveCfg = Release|Win32
		{A4EECF17-585C-4E2E-85D3-10D607FBA0F1}.Release|x86.Build.0 = Release|Win32
		{41AB1849-F63D-436F-B9CF-994D8F4F971C}.Debug|x64.ActiveCfg = Debug|x64
		{41AB1849-F63D-436F-B9CF-994D8F4F971C}.Debug|x64.Build.0 = Debug|x64
		{41AB1849-F63D-436F-B9CF-994D8F4F971C}.Debug|x86.ActiveCfg = Debug|Win32
		{41AB1849-F63D-436F-B9CF-994D8F4F971C}.Debug|x86.Build.0 = Debug|Win32
		{41AB1849-F63D-436F-B9CF-994D8F4F971C}.Release|x64.ActiveCfg = Release|x64
		{41AB1849-F63D-436F-B9CF-994D8F4F971C}.Release|x64.Build.0 = Release|x64
		{41AB1849-F63D-436F-B9CF-994D8F4F971C}.Release|x86.ActiveCfg = Release|Win32
		{41AB1849-F63D-436F-B9CF-994D8F4F971C}.Release|x86.Build.0 = Release|Win32
		{54BB0BBB-7C65-47A6-ACDD-3C15164C75AD}.Debug|x64.ActiveCfg = Debug|x64
		{54BB0BBB-7C65-47A6-ACDD-3C15164C75AD}.Debug|x64.Build.0 = Debug|x64
		{54BB0BBB-7C65-47A6-ACDD-3C15164C75AD}.Debug|x86.ActiveCfg = Debug|Win32
		{54BB0BBB-7C65-47A6-ACDD-3C15164C75AD}.Debug|x86.Build.0 = Debug|Win32
		{54BB0BBB-7C65-47A6-ACDD-3C15164C75AD}.Release|x64.ActiveCfg = Release|x64
		{54BB0BBB-7C65-47A6-ACDD-3C15164C75AD}.Release|x64.Build.0 = Release|x64
		{54BB0BBB-7C65-47A6-ACDD-3C15164C75AD}.Release|x86.ActiveCfg = Release|Win32
		{54BB0BBB-7C65-47A6-ACDD-3C15164C75AD}.Release|x86.Build.0 = Release|Win32
		{873A6A91-B414-48C8-AD54-72CE3A4191C0}.Debug|x64.ActiveCfg = Debug|x64
		{873A6A91-B414-48C8-AD54-72CE3A4191C0}.Debug|x64.Build.0 = Debug|x64
		{873A6A91-B414-48C8-AD54-72CE3A4191C0}.Debug|x86.ActiveCfg = Debug|Win32
		{873A6A91-B414-48C8-AD54-72CE3A4191C0}.Debug|x86.Build.0 = Debug|Win32
		{873A6A91-B414-48C8-AD54-72CE3A4191C0}.Release|x64.ActiveCfg = Release|x64
		{873A6A91-B414-48C8-AD54-72CE3A4191C0}.Release|x64.Build.0 = Release|x64
		{873A6A91-B414-48C8-AD54-72CE3A4191C0}.Release|x86.ActiveCfg = Release|Win32
		{873A6A91-B414-48C8-AD54-72CE3A4191C0}.Release|x86.Build.0 = Release|Win32
		{F52814E0-C8A0-4690-BB53-7850171D8B54}.Debug|x64.ActiveCfg = Debug|x64
		{F52814E0-C8A0-4690-BB53-7850171D8B54}.Debug|x64.Build.0 = Debug|x64
		{F52814E0-C8A0-4690-BB53-7850171D8B54}.Debug|x86.ActiveCfg = Debug|Win32
		{F52814E0-C8A0-4690-BB53-7850171D8B54}.Debug|x86.Build.0 = Debug|Win32
		{F52814E0-C8A0-4690-BB53-7850171D8B54}.Release|x64.ActiveCfg = Release|x64
		{F52814E0-C8A0-4690-BB53-7850171D8B54}.Release|x64.Build.0 = Release|x64
		{F52814E0-C8A0-4690-BB53-7850171D8B54}.Release|x86.ActiveCfg = Release|Win32
		{F52814E0-C8A0-4690-BB53-7850171D8B54}.Release|x86.Build.0 = Release|Win32
		{8EA61B4E-D9A8-47F5-8F04-EBAA89D0AC89}.Debug|x64.ActiveCfg = Debug|x64
		{8EA61B4E-D9A8-47F5-8F04-EBAA89D0AC89}.Debug|x64.Build.0 = Debug|x64
		{8EA61B4E-D9A8-47F5-8F04-EBAA89D0AC89}.Debug|x86.ActiveCfg = Debug|Win32
		{8EA61B4E-D9A8-47F5-8F04-EBAA89D0AC89}.Debug|x86.Build.0 = Debug|Win32
		{8EA61B4E-D9A8-47F5-8F04-EBAA89D0AC89}.Release|x64.ActiveCfg = Release|x64
		{8EA61B4E-D9A8-47F5-8F04-EBAA89D0AC89}.Release|x64.Build.0 = Release|x64
		{8EA61B4E-D9A8-47F5-8F04-EBAA89D0AC89}.Release|x86.ActiveCfg = Release|Win32
		{8EA61B4E-D9A8-47F5-8F04-EBAA89D0AC89}.Release|x86.Build.0 = Release|Win32
		{65DB5320-90B5-4CC3-B8F1-1BDBA9DED293}.Debug|x64.ActiveCfg = Debug|x64
		{65DB5320-90B5-4CC3-B8F1-1BDBA9DED293}.Debug|x64.Build.0 = Debug|x64
		{65DB5320-90B5-4CC3-B8F1-1BDBA9DED293}.Debug|x86.ActiveCfg = Debug|Win32
		{65DB5320-90B5-4CC3-B8F1-1BDBA9DED293}.Debug|x86.Build.0 = Debug|Win32
		{65DB5320-90B5-4CC3-B8F1-1BDBA9DED293}.Release|x64.ActiveCfg = Release|x64
		{65DB5320-90B5-4CC3-B8F1-1BDBA9DED293}.Release|x64.Build.0 = Release|x64
		{65DB5320-90B5-4CC3-B8F1-1BDBA9DED293}.Release|x86.ActiveCfg = Release|Win32
		{65DB5320-90B5-4CC3-B8F1-1BDBA9DED293}.Release|x86.Build.0 = Release|Win32
		{60BF810B-373A-49DC-8421-C4C63EF8D4D7}.Debug|x64.ActiveCfg = Debug|x64
		{60BF810B-373A-49DC-8421-C4C63EF8D4D7}.Debug|x64.Build.0 = Debug|x64
		{60BF810B-373A-49DC-8421-C4C63EF8D4D7}.Debug|x86.ActiveCfg = Debug|Win32
		{60BF810B-373A-49DC-8421-C4C63EF8D4D7}.Debug|x86.Build.0 = Debug|Win32
		{60BF810B-373A-49DC-8421-C4C63EF8D4D7}.Release|x64.ActiveCfg = Release|x64
		{60BF810B-373A-49DC-8421-C4C63EF8D4D7}.Release|x64.Build.0 = Release|x64
		{60BF810B-373A-49DC-8421-C4C63EF8D4D7}.Release|x86.ActiveCfg = Release|Win32
		{60BF810B-373A-49DC-8421-C4C63EF8D4D7}.Release|x86.Build.0 = Release|Win32
		{A6369B06-D924-4DFF-B492-DFD3450D514E}.Debug|x64.ActiveCfg = Debug|x64
		{A6369B06-D924-4DFF-B492-DFD3450D514E}.Debug|x64.Build.0 = Debug|x64
		{A6369B06-D924-4DFF-B492-DFD3450D514E}.Debug|x86.ActiveCfg = Debug|Win32
		{A6369B06-D924-4DFF-B492-DFD3450D514E}.Debug|x86.Build.0 = Debug|Win32
		{A6369B06-D924-4DFF-B492-DFD3450D514E}.Release|x64.ActiveCfg = Release|x64
		{A6369B06-D924-4DFF-B492-DFD3450D514E}.Release|x64.Build.0 = Release|x64
		{A6369B06-D924-4DFF-B492-DFD3450D514E}.Release|x86.ActiveCfg = Release|Win32
		{A6369B06-D924-4DFF-B492-DFD3450D514E}.Release|x86.Build.0 = Release|Win32
		{971438A2-C71B-4276-9A2C-B33BDCB7C518}.Debug|x64.ActiveCfg = Debug|x64
		{971438A2-C71B-4276-9A2C-B33BDCB7C518}.Debug|x64.Build.0 = Debug|x64
		{971438A2-C71B-4276-9A2C-B33BDCB7C518}.Debug|x86.ActiveCfg = Debug|Win32
		{971438A2-C71B-4276-9A2C-B33BDCB7C518}.Debug|x86.Build.0 = Debug|Win32
		{971438A2-C71B-4276-9A2C-B33BDCB7C518}.Release|x64.ActiveCfg = Release|x64
		{971438A2-C71B-4276-9A2C-B33BDCB7C518}.Release|x64.Build.0 = Release|x64
		{971438A2-C71B-4276-9A2C-B33BDCB7C518}.Release|x86.ActiveCfg = Release|Win32
		{971438A2-C71B-4276-9A2C-B33BDCB7C518}.Release|x86.Build.0 = Release|Win32
		{AAF3097D-7468-4155-9261-2C103EF6A69C}.Debug|x64.ActiveCfg = Debug|x64
		{AAF3097D-7468-4155-9261-2C103EF6A69C}.Debug|x64.Build.0 = Debug|x64
		{AAF3097D-7468-4155-9261-2C103EF6A69C}.Debug|x86.ActiveCfg = Debug|Win32
		{AAF3097D-7468-4155-9261-2C103EF6A69C}.Debug|x86.Build.0 = Debug|Win32
		{AAF3097D-7468-4155-9261-2C103EF6A69C}.Release|x64.ActiveCfg = Release|x64
		{AAF3097D-7468-4155-9261-2C103EF6A69C}.Release|x64.Build.0 = Release|x64
		{AAF3097D-7468-4155-9261-2C103EF6A69C}.Release|x86.ActiveCfg = Release|Win32
		{AAF3097D-7468-4155-9261-2C103EF6A69C}.Release|x86.Build.0 = Release|Win32
		{FBA0CDCA-F1B5-4A82-ACC5-6A7F60F1AF97}.Debug|x64.ActiveCfg = Debug|x64
		{FBA0CDCA-F1B5-4A82-ACC5-6A7F60F1AF97}.Debug|x64.Build.0 = Debug|x64
		{FBA0CDCA-F1B5-4A82-ACC5-6A7F60F1AF97}.Debug|x86.ActiveCfg = Debug|Win32
		{FBA0CDCA-F1B5-4A82-ACC5-6A7F60F1AF97}.Debug|x86.Build.0 = Debug|Win32
		{FBA0CDCA-F1B5-4A82-ACC5-6A7F60F1AF97}.Release|x64.ActiveCfg = Release|x64
		{FBA0CDCA-F1B5-4A82-ACC5-6A7F60F1AF97}.Release|x64.Build.0 = Release|x64
		{FBA0CDCA-F1B5-4A82-ACC5-6A7F60F1AF97}.Release|x86.ActiveCfg = Release|Win32
		{FBA0CDCA-F1B5-4A82-ACC5-6A7F60F1AF97}.Release|x86.Build.0 = Release|Win32
		{BC99F4CE-815D-4FC2-BEBF-2349ED00D2AD}.Debug|x64.ActiveCfg = Debug|x64
		{BC99F4CE-815D-4FC2-BEBF-2349ED00D2AD}.Debug|x64.Build.0 = Debug|x64
		{BC99F4CE-815D-4FC2-BEBF-2349ED00D2AD}.Debug|x86.ActiveCfg = Debug|Win32
		{BC99F4CE-815D-4FC2-BEBF-2349ED00D2AD}.Debug|x86.Build.0 = Debug|Win32
		{BC99F4CE-815D-4FC2-BEBF-2349ED00D2AD}.Release|x64.ActiveCfg = Release|x64
		{BC99F4CE-815D-4FC2-BEBF-2349ED00D2AD}.Release|x64.Build.0 = Release|x64
		{BC99F4CE-815D-4FC2-BEBF-2349ED00D2AD}.Release|x86.ActiveCfg = Release|Win32
		{BC99F4CE-815D-4FC2-BEBF-2349ED00D2AD}.Release|x86.Build.0 = Release|Win32
		{CD7DFD08-89AE-47E2-8BE2-5E730F729E84}.Debug|x64.ActiveCfg = Debug|x64
		{CD7DFD08-89AE-47E2-8BE2-5E730F729E84}.Debug|x64.Build.0 = Debug|x64
		{CD7DFD08-89AE-47E2-8BE2-5E730F729E84}.Debug|x86.ActiveCfg = Debug|Win32
		{CD7DFD08-89AE-47E2-8BE2-5E730F729E84}.Debug|x86.Build.0 = Debug|Win32
		{CD7DFD08-89AE-47E2-8BE2-5E730F729E84}.Release|x64.ActiveCfg = Release|x64
		{CD7DFD08-89AE-47E2-8BE2-5E730F729E84}.Release|x64.Build.0 = Release|x64
		{CD7DFD08-89AE-47E2-8BE2-5E730F729E84}.Release|x86.ActiveCfg = Release|Win32
		{CD7DFD08-89AE-47E2-8BE2-5E730F729E84}.Release|x86.Build.0 = Release|Win32
		{06C0CA7C-5D4F-4C0E-9D70-0BC38B1B9774}.Debug|x64.ActiveCfg = Debug|x64
		{06C0CA7C-5D4F-4C0E-9D70-0BC38B1B9774}.Debug|x64.Build.0 = Debug|x64
		{06C0CA7C-5D4F-4C0E-9D70-0BC38B1B9774}.Debug|x86.ActiveCfg = Debug|Win32
		{06C0CA7C-5D4F-4C0E-9D70-0BC38B1B9774}.Debug|x86.Build.0 = Debug|Win32
		{06C0CA7C-5D4F-4C0E-9D70-0BC38B1B9774}.Release|x64.ActiveCfg = Release|x64
		{06C0CA7C-5D4F-4C0E-9D70-0BC38B1B9774}.Release|x64.Build.0 = Release|x64
		{06C0CA7C-5D4F-4C0E-9D70-0BC38B1B9774}.Release|x86.ActiveCfg = Release|Win32
		{06C0CA7C-5D4F-4C0E-9D70-0BC38B1B9774}.Release|x86.Build.0 = Release|Win32
		{811A97B8-2D31-4FB2-BD8C-CEE87964DFEE}.Debug|x64.ActiveCfg = Debug|x64
		{811A97B8-2D31-4FB2-BD8C-CEE87964DFEE}.Debug|x64.Build.0 = Debug|x64
		{811A97B8-2D31-4FB2-BD8C-CEE87964DFEE}.Debug|x86.ActiveCfg = Debug|Win32
		{811A97B8-2D31-4FB2-BD8C-CEE87964DFEE}.Debug|x86.Build.0 = Debug|Win32
		{811A97B8-2D31-4FB2-BD8C-CEE87964DFEE}.Release|x64.ActiveCfg = Release|x64
		{811A97B8-2D31-4FB2-BD8C-CEE87964DFEE}.Release|x64.Build.0 = Release|x64
		{811A97B8-2D31-4FB2-BD8C-CEE87964DFEE}.Release|x86.ActiveCfg = Release|Win32
		{811A97B8-2D31-4FB2-BD8C-CEE87964DFEE}.Release|x86.Build.0 = Release|Win32
		{3E24613A-7C81-4EA6-A7EB-EC8292F637AE}.Debug|x64.ActiveCfg = Debug|x64
		{3E24613A-7C81-4EA6-A7EB-EC8292F637AE}.Debug|x64.Build.0 = Debug|x64
		{3E24613A-7C81-4EA6-A7EB-EC8292F637AE}.Debug|x86.ActiveCfg = Debug|Win32
		{3E24613A-7C81-4EA6-A7EB-EC8292F637AE}.Debug|x86.Build.0 = Debug|Win32
		{3E24613A-7C81-4EA6-A7EB-EC8292F637AE}.Release|x64.ActiveCfg = Release|x64
		{3E24613A-7C81-4EA6-A7EB-EC8292F637AE}.Release|x64.Build.0 = Release|x64
		{3E24613A-7C81-4EA6-A7EB-EC8292F637AE}.Release|x86.ActiveCfg = Release|Win32
		{3E24613A-7C81-4EA6-A7EB-EC8292F637AE}.Release|x86.Build.0 = Release|Win32
		{6A9EA6A9-CBF2-407F-BAF0-3CD259620946}.Debug|x64.ActiveCfg = Debug|x64
		{6A9EA6A9-CBF2-407F-BAF0-3CD259620946}.Debug|x64.Build.0 = Debug|x64
		{6A9EA6A9-CBF2-407F-BAF0-3CD259620946}.Debug|x86.ActiveCfg = Debug|Win32
		{6A9EA6A9-CBF2-407F-BAF0-3CD259620946}.Debug|x86.Build.0 = Debug|Win32
		{6A9EA6A9-CBF2-407F-BAF0-3CD259620946}.Release|x64.ActiveCfg = Release|x64
		{6A9EA6A9-CBF2-407F-BAF0-3CD259620946}.Release|x64.Build.0 = Release|x64
		{6A9EA6A9-CBF2-407F-BAF0-3CD259620946}.Release|x86.ActiveCfg = Release|Win32
		{6A9EA6A9-CBF2-407F-BAF0-3CD259620946}.Release|x86.Build.0 = Release|Win32
		{77F9DEB8-5BFF-4A0E-A9AF-B8E3B5F77197}.Debug|x64.ActiveCfg = Debug|x64
		{77F9DEB8-5BFF-4A0E-A9AF-B8E3B5F77197}.Debug|x64.Build.0 = Debug|x64
		{77F9DEB8-5BFF-4A0E-A9AF-B8E3B5F77197}.Debug|x86.ActiveCfg = Debug|Win32
		{77F9DEB8-5BFF-4A0E-A9AF-B8E3B5F77197}.Debug|x86.Build.0 = Debug|Win32
		{77F9DEB8-5BFF-4A0E-A9AF-B8E3B5F77197}.Release|x64.ActiveCfg = Release|x64
		{77F9DEB8-5BFF-4A0E-A9AF-B8E3B5F77197}.Release|x64.Build.0 = Release|x64
		{77F9DEB8-5BFF-4A0E-A9AF-B8E3B5F77197}.Release|x86.ActiveCfg = Release|Win32
		{77F9DEB8-5BFF-4A0E-A9AF-B8E3B5F77197}.Release|x86.Build.0 = Release|Win32
		{B7A6C0C2-8264-4BED-A7C0-AC8F06D1A39D}.Debug|x64.ActiveCfg = Debug|x64
		{B7A6C0C2-8264-4BED-A7C0-AC8F06D1A39D}.Debug|x64.Build.0 = Debug|x64
		{B7A6C0C2-8264-4BED-A7C0-AC8F06D1A39D}.Debug|x86.ActiveCfg = Debug|Win32
		{B7A6C0C2-8264-4BED-A7C0-AC8F06D1A39D}.Debug|x86.Build.0 = Debug|Win32
		{B7A6C0C2-8264-4BED-A7C0-AC8F06D1A39D}.Release|x64.ActiveCfg = Release|x64
		{B7A6C0C2-8264-4BED-A7C0-AC8F06D1A39D}.Release|x64.Build.0 = Release|x64
		{B7A6C0C2-8264-4BED-A7C0-AC8F06D1A39D}.Release|x86.ActiveCfg = Release|Win32
		{B7A6C0C2-8264-4BED-A7C0-AC8F06D1A39D}.Release|x86.Build.0 = Release|Win32
		{9798B6A7-131E-4077-B0CB-EC29055431D8}.Debug|x64.ActiveCfg = Debug|x64
		{9798B6A7-131E-4077-B0CB-EC29055431D8}.Debug|x64.Build.0 = Debug|x64
		{9798B6A7-131E-4077-B0CB-EC29055431D8}.Debug|x86.ActiveCfg = Debug|Win32
		{9798B6A7-131E-4077-B0CB-EC29055431D8}.Debug|x86.Build.0 = Debug|Win32
		{9798B6A7-131E-4077-B0CB-EC29055431D8}.Release|x64.ActiveCfg = Release|x64
		{9798B6A7-131E-4077-B0CB-EC29055431D8}.Release|x64.Build.0 = Release|x64
		{9798B6A7-131E-4077-B0CB-EC29055431D8}.Release|x86.ActiveCfg = Release|Win32
		{9798B6A7-131E-4077-B0CB-EC29055431D8}.Release|x86.Build.0 = Release|Win32
		{AA716155-7DA3-4FD4-9C51-73ABBDF6A8CA}.Debug|x64.ActiveCfg = Debug|x64
		{AA716155-7DA3-4FD4-9C51-73ABBDF6A8CA}.Debug|x64.Build.0 = Debug|x64
		{AA716155-7DA3-4FD4-9C51-73ABBDF6A8CA}.Debug|x86.ActiveCfg = Debug|Win32
		{AA716155-7DA3-4FD4-9C51-73ABBDF6A8CA}.Debug|x86.Build.0 = Debug|Win32
		{AA716155-7DA3-4FD4-9C51-73ABBDF6A8CA}.Release|x64.ActiveCfg = Release|x64
		{AA716155-7DA3-4FD4-9C51-73ABBDF6A8CA}.Release|x64.Build.0 = Release|x64
		{AA716155-7DA3-4FD4-9C51-73ABBDF6A8CA}.Release|x86.ActiveCfg = Release|Win32
		{AA716155-7DA3-4FD4-9C51-73ABBDF6A8CA}.Release|x86.Build.0 = Release|Win32
		{768358A6-F89A-46F7-95B7-595175D98636}.Debug|x64.ActiveCfg = Debug|x64
		{768358A6-F89A-46F7-95B7-595175D98636}.Debug|x64.Build.0 = Debug|x64
		{768358A6-F89A-46F7-95B7-595175D98636}.Debug|x86.ActiveCfg = Debug|Win32
		{768358A6-F89A-46F7-95B7-595175D98636}.Debug|x86.Build.0 = Debug|Win32
		{768358A6-F89A-46F7-95B7-595175D98636}.Release|x64.ActiveCfg = Release|x64
		{768358A6-F89A-46F7-95B7-595175D98636}.Release|x64.Build.0 = Release|x64
		{768358A6-F89A-46F7-95B7-595175D98636}.Release|x86.ActiveCfg = Release|Win32
		{768358A6-F89A-46F7-95B7-595175D98636}.Release|x86.Build.0 = Release|Win32
		{93128C36-807E-4ADC-BB6B-ECC984373CEE}.Debug|x64.ActiveCfg = Debug|x64
		{93128C36-807E-4ADC-BB6B-ECC984373CEE}.Debug|x64.Build.0 = Debug|x64
		{93128C36-807E-4ADC-BB6B-ECC984373CEE}.Debug|x86.ActiveCfg = Debug|Win32
		{93128C36-807E-4ADC-BB6B-ECC984373CEE}.Debug|x86.Build.0 = Debug|Win32
		{93128C36-807E-4ADC-BB6B-ECC984373CEE}.Release|x64.ActiveCfg = Release|x64
		{93128C36-807E-4ADC-BB6B-ECC984373CEE}.Release|x64.Build.0 = Release|x64
		{93128C36-807E-4ADC-BB6B-ECC984373CEE}.Release|x86.ActiveCfg = Release|Win32
		{93128C36-807E-4ADC-BB6B-ECC984373CEE}.Release|x86.Build.0 = Release|Win32
		{31D61449-468F-4014-810E-5848FF92A56F}.Debug|x64.ActiveCfg = Debug|x64
		{31D61449-468F-4014-810E-5848FF92A56F}.Debug|x64.Build.0 = Debug|x64
		{31D61449-468F-4014-810E-5848FF92A56F}.Debug|x86.ActiveCfg = Debug|Win32
		{31D61449-468F-4014-810E-5848FF92A56F}.Debug|x86.Build.0 = Debug|Win32
		{31D61449-468F-4014-810E-5848FF92A56F}.Release|x64.ActiveCfg = Release|x64
		{31D61449-468F-4014-810E-5848FF92A56F}.Release|x64.Build.0 = Release|x64
		{31D61449-468F-4014-810E-5848FF92A56F}.Release|x86.ActiveCfg = Release|Win32
		{31D61449-468F-4014-810E-5848FF92A56F}.Release|x86.Build.0 = Release|Win32
		{38BEC902-1F43-47C8-BA0E-B58C7A5D45E2}.Debug|x64.ActiveCfg = Debug|x64
		{38BEC902-1F43-47C8-BA0E-B58C7A5D45E2}.Debug|x64.Build.0 = Debug|x64
		{38BEC902-1F43-47C8-BA0E-B58C7A5D45E2}.Debug|x86.ActiveCfg = Debug|Win32
		{38BEC902-1F43-47C8-BA0E-B58C7A5D45E2}.Debug|x86.Build.0 = Debug|Win32
		{38BEC902-1F43-47C8-BA0E-B58C7A5D45E2}.Release|x64.ActiveCfg = Release|x64
		{38BEC902-1F43-47C8-BA0E-B58C7A5D45E2}.Release|x64.Build.0 = Release|x64
		{38BEC902-1F43-47C8-BA0E-B58C7A5D45E2}.Release|x86.ActiveCfg = Release|Win32
		{38BEC902-1F43-47C8-BA0E-B58C7A5D45E2}.Release|x86.Build.0 = Release|Win32
		{AF76FFE2-8268-4F5B-A5E4-34DE95C21AD8}.Debug|x64.ActiveCfg = Debug|x64
		{AF76FFE2-8268-4F5B-A5E4-34DE95C21AD8}.Debug|x64.Build.0 = Debug|x64
		{AF76FFE2-8268-4F5B-A5E4-34DE95C21AD8}.Debug|x86.ActiveCfg = Debug|Win32
		{AF76FFE2-8268-4F5B-A5E4-34DE95C21AD8}.Debug|x86.Build.0 = Debug|Win32
		{AF76FFE2-8268-4F5B-A5E4-34DE95C21AD8}.Release|x64.ActiveCfg = Release|x64
		{AF76FFE2-8268-4F5B-A5E4-34DE95C21AD8}.Release|x64.Build.0 = Release|x64
		{AF76FFE2-8268-4F5B-A5E4-34DE95C21AD8}.Release|x86.ActiveCfg = Release|Win32
		{AF76FFE2-8268-4F5B-A5E4-34DE95C21AD8}.Release|x86.Build.0 = Release|Win32
		{2F5A59F5-3586-45B4-A637-19C87DA68E6A}.Debug|x64.ActiveCfg = Debug|x64
		{2F5A59F5-3586-45B4-A637-19C87DA68E6A}.Debug|x64.Build.0 = Debug|x64
		{2F5A59F5-3586-45B4-A637-19C87DA68E6A}.Debug|x86.ActiveCfg = Debug|Win32
		{2F5A59F5-3586-45B4-A637-19C87DA68E6A}.Debug|x86.Build.0 = Debug|Win32
		{2F5A59F5-3586-45B4-A637-19C87DA68E6A}.Release|x64.ActiveCfg = Release|x64
		{2F5A59F5-3586-45B4-A637-19C87DA68E6A}.Release|x64.Build.0 = Release|x64
		{2F5A59F5-3586-45B4-A637-19C87DA68E6A}.Release|x86.ActiveCfg = Release|Win32
		{2F5A59F5-3586-45B4-A637-19C87DA68E6A}.Release|x86.Build.0 = Release|Win32
		{C291B4A9-3894-4142-B993-C79D22D2DC62}.Debug|x64.ActiveCfg = Debug|x64
		{C291B4A9-3894-4142-B993-C79D22D2DC62}.Debug|x64.Build.0 = Debug|x64
		{C291B4A9-3894-4142-B993-C79D22D2DC62}.Debug|x86.ActiveCfg = Debug|Win32
		{C291B4A9-3894-4142-B993-C79D22D2DC62}.Debug|x86.Build.0 = Debug|Win32
		{C291B4A9-3894-4142-B993-C79D22D2DC62}.Release|x64.ActiveCfg = Release|x64
		{C291B4A9-3894-4142-B993-C79D22D2DC62}.Release|x64.Build.0 = Release|x64
		{C291B4A9-3894-4142-B993-C79D22D2DC62}.Release|x86.ActiveCfg = Release|Win32
		{C291B4A9-3894-4142-B993-C79D22D2DC62}.Release|x86.Build.0 = Release|Win32
		{577810A9-C215-43BB-BA1C-26A8FF3DDE7C}.Debug|x64.ActiveCfg = Debug|x64
		{577810A9-C215-43BB-BA1C-26A8FF3DDE7C}.Debug|x64.Build.0 = Debug|x64
		{577810A9-C215-43BB-BA1C-26A8FF3DDE7C}.Debug|x86.ActiveCfg = Debug|Win32
		{577810A9-C215-43BB-BA1C-26A8FF3DDE7C}.Debug|x86.Build.0 = Debug|Win32
		{577810A9-C215-43BB-BA1C-26A8FF3DDE7C}.Release|x64.ActiveCfg = Release|x64
		{577810A9-C215-43BB-BA1C-26A8FF3DDE7C}.Release|x64.Build.0 = Release|x64
		{577810A9-C215-43BB-BA1C-26A8FF3DDE7C}.Release|x86.ActiveCfg = Release|Win32
		{577810A9-C215-43BB-BA1C-26A8FF3DDE7C}.Release|x86.Build.0 = Release|Win32
		{C581828C-FAED-47F4-93C3-C08B8F9470EF}.Debug|x64.ActiveCfg = Debug|x64
		{C581828C-FAED-47F4-93C3-C08B8F9470EF}.Debug|x64.Build.0 = Debug|x64
		{C581828C-FAED-47F4-93C3-C08B8F9470EF}.Debug|x86.ActiveCfg = Debug|Win32
		{C581828C-FAED-47F4-93C3-C08B8F9470EF}.Debug|x86.Build.0 = Debug|Win32
		{C581828C-FAED-47F4-93C3-C08B8F9470EF}.Release|x64.ActiveCfg = Release|x64
		{C581828C-FAED-47F4-93C3-C08B8F9470EF}.Release|x64.Build.0 = Release|x64
		{C581828C-FAED-47F4-93C3-C08B8F9470EF}.Release|x86.ActiveCfg = Release|Win32
		{C581828C-FAED-47F4-93C3-C08B8F9470EF}.Release|x86.Build.0 = Release|Win32
		{141EB1A6-D634-4FF7-B949-57FB037A5003}.Debug|x64.ActiveCfg = Debug|x64
		{141EB1A6-D634-4FF7-B949-57FB037A5003}.Debug|x64.Build.0 = Debug|x64
		{141EB1A6-D634-4FF7-B949-57FB037A5003}.Debug|x86.ActiveCfg = Debug|Win32
		{141EB1A6-D634-4FF7-B949-57FB037A5003}.Debug|x86.Build.0 = Debug|Win32
		{141EB1A6-D634-4FF7-B949-57FB037A5003}.Release|x64.ActiveCfg = Release|x64
		{141EB1A6-D634-4FF7-B949-57FB037A5003}.Release|x64.Build.0 = Release|x64
		{141EB1A6-D634-4FF7-B949-57FB037A5003}.Release|x86.ActiveCfg = Release|Win32
		{141EB1A6-D634-4FF7-B949-57FB037A5003}.Release|x86.Build.0 = Release|Win32
		{77D61F3C-760B-4342-8840-D2AE09AE9846}.Debug|x64.ActiveCfg = Debug|x64
		{77D61F3C-760B-4342-8840-D2AE09AE9846}.Debug|x64.Build.0 = Debug|x64
		{77D61F3C-760B-4342-8840-D2AE09AE9846}.Debug|x86.ActiveCfg = Debug|Win32
		{77D61F3C-760B-4342-8840-D2AE09AE9846}.Debug|x86.Build.0 = Debug|Win32
		{77D61F3C-760B-4342-8840-D2AE09AE9846}.Release|x64.ActiveCfg = Release|x64
		{77D61F3C-760B-4342-8840-D2AE09AE9846}.Release|x64.Build.0 = Release|x64
		{77D61F3C-760B-4342-8840-D2AE09AE9846}.Release|x86.ActiveCfg = Release|Win32
		{77D61F3C-760B-4342-8840-D2AE09AE9846}.Release|x86.Build.0 = Release|Win32
		{2B67F169-244C-445A-8676-A927AEB849C7}.Debug|x64.ActiveCfg = Debug|x64
		{2B67F169-244C-445A-8676-A927AEB849C7}.Debug|x64.Build.0 = Debug|x64
		{2B67F169-244C-445A-8676-A927AEB849C7}.Debug|x86.ActiveCfg = Debug|Win32
		{2B67F169-244C-445A-8676-A927AEB849C7}.Debug|x86.Build.0 = Debug|Win32
		{2B67F169-244C-445A-8676-A927AEB849C7}.Release|x64.ActiveCfg = Release|x64
		{2B67F169-244C-445A-8676-A927AEB849C7}.Release|x64.Build.0 = Release|x64
		{2B67F169-244C-445A-8676-A927AEB849C7}.Release|x86.ActiveCfg = Release|Win32
		{2B67F169-244C-445A-8676-A927AEB849C7}.Release|x86.Build.0 = Release|Win32
		{9289BADC-A716-4D80-A5CA-A8AABF8C4743}.Debug|x64.ActiveCfg = Debug|x64
		{9289BADC-A716-4D80-A5CA-A8AABF8C4743}.Debug|x64.Build.0 = Debug|x64
		{9289BADC-A716-4D80-A5CA-A8AABF8C4743}.Debug|x86.ActiveCfg = Debug|Win32
		{9289BADC-A716-4D80-A5CA-A8AABF8C4743}.Debug|x86.Build.0 = Debug|Win32
		{9289BADC-A716-4D80-A5CA-A8AABF8C4743}.Release|x64.ActiveCfg = Release|x64
		{9289BADC-A716-4D80-A5CA-A8AABF8C4743}.Release|x64.Build.0 = Release|x64
		{9289BADC-A716-4D80-A5CA-A8AABF8C4743}.Release|x86.ActiveCfg = Release|Win32
		{9289BADC-A716-4D80-A5CA-A8AABF8C4743}.Release|x86.Build.0 = Release|Win32
		{4B60A02D-74E8-48D8-A54C-1DE600330A63}.Debug|x64.ActiveCfg = Debug|x64
		{4B60A02D-74E8-48D8-A54C-1DE600330A63}.Debug|x64.Build.0 = Debug|x64
		{4B60A02D-74E8-48D8-A54C-1DE600330A63}.Debug|x86.ActiveCfg = Debug|Win32
		{4B60A02D-74E8-48D8-A54C-1DE600330A63}.Debug|x86.Build.0 = Debug|Win32
		{4B60A02D-74E8-48D8-A54C-1DE600330A63}.Release|x64.ActiveCfg = Release|x64
		{4B60A02D-74E8-48D8-A54C-1DE600330A63}.Release|x64.Build.0 = Release|x64
		{4B60A02D-74E8-48D8-A54C-1DE600330A63}.Release|x86.ActiveCfg = Release|Win32
		{4B60A02D-74E8-48D8-A54C-1DE600330A63}.Release|x86.Build.0 = Release|Win32
		{A8C126D2-7C23-4BAA-A063-8773828A5B69}.Debug|x64.ActiveCfg = Debug|x64
		{A8C126D2-7C23-4BAA-A063-8773828A5B69}.Debug|x64.Build.0 = Debug|x64
		{A8C126D2-7C23-4BAA-A063-8773828A5B69}.Debug|x86.ActiveCfg = Debug|Win32
		{A8C126D2-7C23-4BAA-A063-8773828A5B69}.Debug|x86.Build.0 = Debug|Win32
		{A8C126D2-7C23-4BAA-A063-8773828A5B69}.Release|x64.ActiveCfg = Release|x64
		{A8C126D2-7C23-4BAA-A063-8773828A5B69}.Release|x64.Build.0 = Release|x64
		{A8C126D2-7C23-4BAA-A063-8773828A5B69}.Release|x86.ActiveCfg = Release|Win32
		{A8C126D2-7C23-4BAA-A063-8773828A5B69}.Release|x86.Build.0 = Release|Win32
		{CD801EB3-BD47-49D7-9E1C-6BB921E4C2B7}.Debug|x64.ActiveCfg = Debug|x64
		{CD801EB3-BD47-49D7-9E1C-6BB921E4C2B7}.Debug|x64.Build.0 = Debug|x64
		{CD801EB3-BD47-49D7-9E1C-6BB921E4C2B7}.Debug|x86.ActiveCfg = Debug|Win32
		{CD801EB3-BD47-49D7-9E1C-6BB921E4C2B7}.Debug|x86.Build.0 = Debug|Win32
		{CD801EB3-BD47-49D7-9E1C-6BB921E4C2B7}.Release|x64.ActiveCfg = Release|x64
		{CD801EB3-BD47-49D7-9E1C-6BB921E4C2B7}.Release|x64.Build.0 = Release|x64
		{CD801EB3-BD47-49D7-9E1C-6BB921E4C2B7}.Release|x86.ActiveCfg = Release|Win32
		{CD801EB3-BD47-49D7-9E1C-6BB921E4C2B7}.Release|x86.Build.0 = Release|Win32
		{9D4FE59E-D0ED-4CA4-9049-AF57C5721DB8}.Debug|x64.ActiveCfg = Debug|x64
		{9D4FE59E-D0ED-4CA4-9049-AF57C5721DB8}.Debug|x64.Build.0 = Debug|x64
		{9D4FE59E-D0ED-4CA4-9049-AF57C5721DB8}.Debug|x86.ActiveCfg = Debug|Win32
		{9D4FE59E-D0ED-4CA4-9049-AF57C5721DB8}.Debug|x86.Build.0 = Debug|Win32
		{9D4FE59E-D0ED-4CA4-9049-AF57C5721DB8}.Release|x64.ActiveCfg = Release|x64
		{9D4FE59E-D0ED-4CA4-9049-AF57C5721DB8}.Release|x64.Build.0 = Release|x64
		{9D4FE59E-D0ED-4CA4-9049-AF57C5721DB8}.Release|x86.ActiveCfg = Release|Win32
		{9D4FE59E-D0ED-4CA4-9049-AF57C5721DB8}.Release|x86.Build.0 = Release|Win32
		{4CE8C139-FB44-4482-8BD2-8AB33DA08198}.Debug|x64.ActiveCfg = Debug|x64
		{4CE8C139-FB44-4482-8BD2-8AB33DA08198}.Debug|x64.Build.0 = Debug|x64
		{4CE8C139-FB44-4482-8BD2-8AB33DA08198}.Debug|x86.ActiveCfg = Debug|Win32
		{4CE8C139-FB44-4482-8BD2-8AB33DA08198}.Debug|x86.Build.0 = Debug|Win32
		{4CE8C139-FB44-4482-8BD2-8AB33DA08198}.Release|x64.ActiveCfg = Release|x64
		{4CE8C139-FB44-4482-8BD2-8AB33DA08198}.Release|x64.Build.0 = Release|x64
		{4CE8C139-FB44-4482-8BD2-8AB33DA08198}.Release|x86.ActiveCfg = Release|Win32
		{4CE8C139-FB44-4482-8BD2-8AB33DA08198}.Release|x86.Build.0 = Release|Win32
		{4D41CADF-943C-46CA-8626-48AED7129CFE}.Debug|x64.ActiveCfg = Debug|x64
		{4D41CADF-943C-46CA-8626-48AED7129CFE}.Debug|x64.Build.0 = Debug|x64
		{4D41CADF-943C-46CA-8626-48AED7129CFE}.Debug|x86.ActiveCfg = Debug|Win32
		{4D41CADF-943C-46CA-8626-48AED7129CFE}.Debug|x86.Build.0 = Debug|Win32
		{4D41CADF-943C-46CA-8626-48AED7129CFE}.Release|x64.ActiveCfg = Release|x64
		{4D41CADF-943C-46CA-8626-48AED7129CFE}.Release|x64.Build.0 = Release|x64
		{4D41CADF-943C-46CA-8626-48AED7129CFE}.Release|x86.ActiveCfg = Release|Win32
		{4D41CADF-943C-46CA-8626-48AED7129CFE}.Release|x86.Build.0 = Release|Win32
		{52920039-17CB-413C-B183-395DC754620E}.Debug|x64.ActiveCfg = Debug|x64
		{52920039-17CB-413C-B183-395DC754620E}.Debug|x64.Build.0 = Debug|x64
		{52920039-17CB-413C-B183-395DC754620E}.Debug|x86.ActiveCfg = Debug|Win32
		{52920039-17CB-413C-B183-395DC754620E}.Debug|x86.Build.0 = Debug|Win32
		{52920039-17CB-413C-B183-395DC754620E}.Release|x64.ActiveCfg = Release|x64
		{52920039-17CB-413C-B183-395DC754620E}.Release|x64.Build.0 = Release|x64
		{52920039-17CB-413C-B183-395DC754620E}.Release|x86.ActiveCfg = Release|Win32
		{52920039-17CB-413C-B183-395DC754620E}.Release|x86.Build.0 = Release|Win32
		{E23DB750-4F1D-424C-BAFB-C270E54F9D09}.Debug|x64.ActiveCfg = Debug|x64
		{E23DB750-4F1D-424C-BAFB-C270E54F9D09}.Debug|x64.Build.0 = Debug|x64
		{E23DB750-4F1D-424C-BAFB-C270E54F9D09}.Debug|x86.ActiveCfg = Debug|Win32
		{E23DB750-4F1D-424C-BAFB-C270E54F9D09}.Debug|x86.Build.0 = Debug|Win32
		{E23DB750-4F1D-424C-BAFB-C270E54F9D09}.Release|x64.ActiveCfg = Release|x64
		{E23DB750-4F1D-424C-BAFB-C270E54F9D09}.Release|x64.Build.0 = Release|x64
		{E23DB750-4F1D-424C-BAFB-C270E54F9D09}.Release|x86.ActiveCfg = Release|Win32
		{E23DB750-4F1D-424C-BAFB-C270E54F9D09}.Release|x86.Build.0 = Release|Win32
		{3DD479D1-2DE6-43D8-AC46-628EB38C6EE0}.Debug|x64.ActiveCfg = Debug|x64
		{3DD479D1-2DE6-43D8-AC46-628EB38C6EE0}.Debug|x64.Build.0 = Debug|x64
		{3DD479D1-2DE6-43D8-AC46-628EB38C6EE0}.Debug|x86.ActiveCfg = Debug|Win32
		{3DD479D1-2DE6-43D8-AC46-628EB38C6EE0}.Debug|x86.Build.0 = Debug|Win32
		{3DD479D1-2DE6-43D8-AC46-628EB38C6EE0}.Release|x64.ActiveCfg = Release|x64
		{3DD479D1-2DE6-43D8-AC46-628EB38C6EE0}.Release|x64.Build.0 = Release|x64
		{3DD479D1-2DE6-43D8-AC46-628EB38C6EE0}.Release|x86.ActiveCfg = Release|Win32
		{3DD479D1-2DE6-43D8-AC46-628EB38C6EE0}.Release|x86.Build.0 = Release|Win32
		{0928003B-D3C0-4C8E-8C16-C7BEF017BFDE}.Debug|x64.ActiveCfg = Debug|x64
		{0928003B-D3C0-4C8E-8C16-C7BEF017BFDE}.Debug|x64.Build.0 = Debug|x64
		{0928003B-D3C0-4C8E-8C16-C7BEF017BFDE}.Debug|x86.ActiveCfg = Debug|Win32
		{0928003B-D3C0-4C8E-8C16-C7BEF017BFDE}.Debug|x86.Build.0 = Debug|Win32
		{0928003B-D3C0-4C8E-8C16-C7BEF017BFDE}.Release|x64.ActiveCfg = Release|x64
		{0928003B-D3C0-4C8E-8C16-C7BEF017BFDE}.Release|x64.Build.0 = Release|x64
		{0928003B-D3C0-4C8E-8C16-C7BEF017BFDE}.Release|x86.ActiveCfg = Release|Win32
		{0928003B-D3C0-4C8E-8C16-C7BEF017BFDE}.Release|x86.Build.0 = Release|Win32
		{9298448F-FF52-4F1E-842D-45279AD35AEA}.Debug|x64.ActiveCfg = Debug|x64
		{9298448F-FF52-4F1E-842D-45279AD35AEA}.Debug|x64.Build.0 = Debug|x64
		{9298448F-FF52-4F1E-842D-45279AD35AEA}.Debug|x86.ActiveCfg = Debug|Win32
		{9298448F-FF52-4F1E-842D-45279AD35AEA}.Debug|x86.Build.0 = Debug|Win32
		{9298448F-FF52-4F1E-842D-45279AD35AEA}.Release|x64.ActiveCfg = Release|x64
		{9298448F-FF52-4F1E-842D-45279AD35AEA}.Release|x64.Build.0 = Release|x64
		{9298448F-FF52-4F1E-842D-45279AD35AEA}.Release|x86.ActiveCfg = Release|Win32
		{9298448F-FF52-4F1E-842D-45279AD35AEA}.Release|x86.Build.0 = Release|Win32
		{585B5A5A-16BA-4CE9-B8DD-2F5960446258}.Debug|x64.ActiveCfg = Debug|x64
		{585B5A5A-16BA-4CE9-B8DD-2F5960446258}.Debug|x64.Build.0 = Debug|x64
		{585B5A5A-16BA-4CE9-B8DD-2F5960446258}.Debug|x86.ActiveCfg = Debug|Win32
		{585B5A5A-16BA-4CE9-B8DD-2F5960446258}.Debug|x86.Build.0 = Debug|Win32
		{585B5A5A-16BA-4CE9-B8DD-2F5960446258}.Release|x64.ActiveCfg = Release|x64
		{585B5A5A-16BA-4CE9-B8DD-2F5960446258}.Release|x64.Build.0 = Release|x64
		{585B5A5A-16BA-4CE9-B8DD-2F5960446258}.Release|x86.ActiveCfg = Release|Win32
		{585B5A5A-16BA-4CE9-B8DD-2F5960446258}.Release|x86.Build.0 = Release|Win32
		{529F9674-EB59-4364-906C-57D85AE2F5CE}.Debug|x64.ActiveCfg = Debug|x64
		{529F9674-EB59-4364-906C-57D85AE2F5CE}.Debug|x64.Build.0 = Debug|x64
		{529F9674-EB59-4364-906C-57D85AE2F5CE}.Debug|x86.ActiveCfg = Debug|Win32
		{529F9674-EB59-4364-906C-57D85AE2F5CE}.Debug|x86.Build.0 = Debug|Win32
		{529F9674-EB59-4364-906C-57D85AE2F5CE}.Release|x64.ActiveCfg = Release|x64
		{529F9674-EB59-4364-906C-57D85AE2F5CE}.Release|x64.Build.0 = Release|x64
		{529F9674-EB59-4364-906C-57D85AE2F5CE}.Release|x86.ActiveCfg = Release|Win32
		{529F9674-EB59-4364-906C-57D85AE2F5CE}.Release|x86.Build.0 = Release|Win32
		{D77211B7-EFCA-421E-BDEF-06DFD5486B98}.Debug|x64.ActiveCfg = Debug|x64
		{D77211B7-EFCA-421E-BDEF-06DFD5486B98}.Debug|x64.Build.0 = Debug|x64
		{D77211B7-EFCA-421E-BDEF-06DFD5486B98}.Debug|x86.ActiveCfg = Debug|Win32
		{D77211B7-EFCA-421E-BDEF-06DFD5486B98}.Debug|x86.Build.0 = Debug|Win32
		{D77211B7-EFCA-421E-BDEF-06DFD5486B98}.Release|x64.ActiveCfg = Release|x64
		{D77211B7-EFCA-421E-BDEF-06DFD5486B98}.Release|x64.Build.0 = Release|x64
		{D77211B7-EFCA-421E-BDEF-06DFD5486B98}.Release|x86.ActiveCfg = Release|Win32
		{D77211B7-EFCA-421E-BDEF-06DFD5486B98}.Release|x86.Build.0 = Release|Win32
		{D82AC4CA-E514-4087-BDCB-0DD44B21B372}.Debug|x64.ActiveCfg = Debug|x64
		{D82AC4CA-E514-4087-BDCB-0DD44B21B372}.Debug|x64.Build.0 = Debug|x64
		{D82AC4CA-E514-4087-BDCB-0DD44B21B372}.Debug|x86.ActiveCfg = Debug|Win32
		{D82AC4CA-E514-4087-BDCB-0DD44B21B372}.Debug|x86.Build.0 = Debug|Win32
		{D82AC4CA-E514-4087-BDCB-0DD44B21B372}.Release|x64.ActiveCfg = Release|x64
		{D82AC4CA-E514-4087-BDCB-0DD44B21B372}.Release|x64.Build.0 = Release|x64
		{D82AC4CA-E514-4087-BDCB-0DD44B21B372}.Release|x86.ActiveCfg = Release|Win32
		{D82AC4CA-E514-4087-BDCB-0DD44B21B372}.Release|x86.Build.0 = Release|Win32
		{4EE47E45-3782-4D5D-8959-3F65B075362F}.Debug|x64.ActiveCfg = Debug|x64
		{4EE47E45-3782-4D5D-8959-3F65B075362F}.Debug|x64.Build.0 = Debug|x64
		{4EE47E45-3782-4D5D-8959-3F65B075362F}.Debug|x86.ActiveCfg = Debug|Win32
		{4EE47E45-3782-4D5D-8959-3F65B075362F}.Debug|x86.Build.0 = Debug|Win32
		{4EE47E45-3782-4D5D-8959-3F65B075362F}.Release|x64.ActiveCfg = Release|x64
		{4EE47E45-3782-4D5D-8959-3F65B075362F}.Release|x64.Build.0 = Release|x64
		{4EE47E45-3782-4D5D-8959-3F65B075362F}.Release|x86.ActiveCfg = Release|Win32
		{4EE47E45-3782-4D5D-8959-3F65B075362F}.Release|x86.Build.0 = Release|Win32
		{4D233C22-482A-4A64-8A39-FFE47FE31515}.Debug|x64.ActiveCfg = Debug|x64
		{4D233C22-482A-4A64-8A39-FFE47FE31515}.Debug|x64.Build.0 = Debug|x64
		{4D233C22-482A-4A64-8A39-FFE47FE31515}.Debug|x86.ActiveCfg = Debug|Win32
		{4D233C22-482A-4A64-8A39-FFE47FE31515}.Debug|x86.Build.0 = Debug|Win32
		{4D233C22-482A-4A64-8A39-FFE47FE31515}.Release|x64.ActiveCfg = Release|x64
		{4D233C22-482A-4A64-8A39-FFE47FE31515}.Release|x64.Build.0 = Release|x64
		{4D233C22-482A-4A64-8A39-FFE47FE31515}.Release|x86.ActiveCfg = Release|Win32
		{4D233C22-482A-4A64-8A39-FFE47FE31515}.Release|x86.Build.0 = Release|Win32
		{D25EFA4F-3299-4853-9415-88B6B65D52A8}.Debug|x64.ActiveCfg = Debug|x64
		{D25EFA4F-3299-4853-9415-88B6B65D52A8}.Debug|x64.Build.0 = Debug|x64
		{D25EFA4F-3299-4853-9415-88B6B65D52A8}.Debug|x86.ActiveCfg = Debug|Win32
		{D25EFA4F-3299-4853-9415-88B6B65D52A8}.Debug|x86.Build.0 = Debug|Win32
		{D25EFA4F-3299-4853-9415-88B6B65D52A8}.Release|x64.ActiveCfg = Release|x64
		{D25EFA4F-3299-4853-9415-88B6B65D52A8}.Release|x64.Build.0 = Release|x64
		{D25EFA4F-3299-4853-9415-88B6B65D52A8}.Release|x86.ActiveCfg = Release|Win32
		{D25EFA4F-3299-4853-9415-88B6B65D52A8}.Release|x86.Build.0 = Release|Win32
		{A13E51AC-C5EF-4A60-A17F-1461D44B1673}.Debug|x64.ActiveCfg = Debug|x64
		{A13E51AC-C5EF-4A60-A17F-1461D44B1673}.Debug|x64.Build.0 = Debug|x64
		{A13E51AC-C5EF-4A60-A17F-1461D44B1673}.Debug|x86.ActiveCfg = Debug|Win32
		{A13E51AC-C5EF-4A60-A17F-1461D44B1673}.Debug|x86.Build.0 = Debug|Win32
		{A13E51AC-C5EF-4A60-A17F-1461D44B1673}.Release|x64.ActiveCfg = Release|x64
		{A13E51AC-C5EF-4A60-A17F-1461D44B1673}.Release|x64.Build.0 = Release|x64
		{A13E51AC-C5EF-4A60-A17F-1461D44B1673}.Release|x86.ActiveCfg = Release|Win32
		{A13E51AC-C5EF-4A60-A17F-1461D44B1673}.Release|x86.Build.0 = Release|Win32
		{255BFA0D-9C96-418C-A05A-31BA142F68DA}.Debug|x64.ActiveCfg = Debug|x64
		{255BFA0D-9C96-418C-A05A-31BA142F68DA}.Debug|x64.Build.0 = Debug|x64
		{255BFA0D-9C96-418C-A05A-31BA142F68DA}.Debug|x86.ActiveCfg = Debug|Win32
		{255BFA0D-9C96-418C-A05A-31BA142F68DA}.Debug|x86.Build.0 = Debug|Win32
		{255BFA0D-9C96-418C-A05A-31BA142F68DA}.Release|x64.ActiveCfg = Release|x64
		{255BFA0D-9C96-418C-A05A-31BA142F68DA}.Release|x64.Build.0 = Release|x64
		{255BFA0D-9C96-418C-A05A-31BA142F68DA}.Release|x86.ActiveCfg = Release|Win32
		{255BFA0D-9C96-418C-A05A-31BA142F68DA}.Release|x86.Build.0 = Release|Win32
		{94514496-C414-4322-AFDD-7CF6DC6ABD4A}.Debug|x64.ActiveCfg = Debug|x64
		{94514496-C414-4322-AFDD-7CF6DC6ABD4A}.Debug|x64.Build.0 = Debug|x64
		{94514496-C414-4322-AFDD-7CF6DC6ABD4A}.Debug|x86.ActiveCfg = Debug|Win32
		{94514496-C414-4322-AFDD-7CF6DC6ABD4A}.Debug|x86.Build.0 = Debug|Win32
		{94514496-C414-4322-AFDD-7CF6DC6ABD4A}.Release|x64.ActiveCfg = Release|x64
		{94514496-C414-4322-AFDD-7CF6DC6ABD4A}.Release|x64.Build.0 = Release|x64
		{94514496-C414-4322-AFDD-7CF6DC6ABD4A}.Release|x86.ActiveCfg = Release|Win32
		{94514496-C414-4322-AFDD-7CF6DC6ABD4A}.Release|x86.Build.0 = Release|Win32
		{8353B61E-9D61-473D-9550-7BA9FD56685D}.Debug|x64.ActiveCfg = Debug|x64
		{8353B61E-9D61-473D-9550-7BA9FD56685D}.Debug|x64.Build.0 = Debug|x64
		{8353B61E-9D61-473D-9550-7BA9FD56685D}.Debug|x86.ActiveCfg = Debug|Win32
		{8353B61E-9D61-473D-9550-7BA9FD56685D}.Debug|x86.Build.0 = Debug|Win32
		{8353B61E-9D61-473D-9550-7BA9FD56685D}.Release|x64.ActiveCfg = Release|x64
		{8353B61E-9D61-473D-9550-7BA9FD56685D}.Release|x64.Build.0 = Release|x64
		{8353B61E-9D61-473D-9550-7BA9FD56685D}.Release|x86.ActiveCfg = Release|Win32
		{8353B61E-9D61-473D-9550-7BA9FD56685D}.Release|x86.Build.0 = Release|Win32
		{4F660641-8775-498B-961A-92C526FCECF6}.Debug|x64.ActiveCfg = Debug|x64
		{4F660641-8775-498B-961A-92C526FCECF6}.Debug|x64.Build.0 = Debug|x64
		{4F660641-8775-498B-961A-92C526FCECF6}.Debug|x86.ActiveCfg = Debug|Win32
		{4F660641-8775-498B-961A-92C526FCECF6}.Debug|x86.Build.0 = Debug|Win32
		{4F660641-8775-498B-961A-92C526FCECF6}.Release|x64.ActiveCfg = Release|x64
		{4F660641-8775-498B-961A-92C526FCECF6}.Release|x64.Build.0 = Release|x64
		{4F660641-8775-498B-961A-92C526FCECF6}.Release|x86.ActiveCfg = Release|Win32
		{4F660641-8775-498B-961A-92C526FCECF6}.Release|x86.Build.0 = Release|Win32
		{9E20F398-9AB8-4A8B-9A32-8299C332A0D6}.Debug|x64.ActiveCfg = Debug|x64
		{9E20F398-9AB8-4A8B-9A32-8299C332A0D6}.Debug|x64.Build.0 = Debug|x64
		{9E20F398-9AB8-4A8B-9A32-8299C332A0D6}.Debug|x86.ActiveCfg = Debug|Win32
		{9E20F398-9AB8-4A8B-9A32-8299C332A0D6}.Debug|x86.Build.0 = Debug|Win32
		{9E20F398-9AB8-4A8B-9A32-8299C332A0D6}.Release|x64.ActiveCfg = Release|x64
		{9E20F398-9AB8-4A8B-9A32-8299C332A0D6}.Release|x64.Build.0 = Release|x64
		{9E20F398-9AB8-4A8B-9A32-8299C332A0D6}.Release|x86.ActiveCfg = Release|Win32
		{9E20F398-9AB8-4A8B-9A32-8299C332A0D6}.Release|x86.Build.0 = Release|Win32
		{9BF40BA3-5FE9-425B-ABF4-93650AD12CC3}.Debug|x64.ActiveCfg = Debug|x64
		{9BF40BA3-5FE9-425B-ABF4-93650AD12CC3}.Debug|x64.Build.0 = Debug|x64
		{9BF40BA3-5FE9-425B-ABF4-93650AD12CC3}.Debug|x86.ActiveCfg = Debug|Win32
		{9BF40BA3-5FE9-425B-ABF4-93650AD12CC3}.Debug|x86.Build.0 = Debug|Win32
		{9BF40BA3-5FE9-425B-ABF4-93650AD12CC3}.Release|x64.ActiveCfg = Release|x64
		{9BF40BA3-5FE9-425B-ABF4-93650AD12CC3}.Release|x64.Build.0 = Release|x64
		{9BF40BA3-5FE9-425B-ABF4-93650AD12CC3}.Release|x86.ActiveCfg = Release|Win32
		{9BF40BA3-5FE9-425B-ABF4-93650AD12CC3}.Release|x86.Build.0 = Release|Win32
		{D9003E97-A3D0-47B2-85E8-8EA4175B3B24}.Debug|x64.ActiveCfg = Debug|x64
		{D9003E97-A3D0-47B2-85E8-8EA4175B3B24}.Debug|x64.Build.0 = Debug|x64
		{D9003E97-A3D0-47B2-85E8-8EA4175B3B24}.Debug|x86.ActiveCfg = Debug|Win32
		{D9003E97-A3D0-47B2-85E8-8EA4175B3B24}.Debug|x86.Build.0 = Debug|Win32
		{D9003E97-A3D0-47B2-85E8-8EA4175B3B24}.Release|x64.ActiveCfg = Release|x64
		{D9003E97-A3D0-47B2-85E8-8EA4175B3B24}.Release|x64.Build.0 = Release|x64
		{D9003E97-A3D0-47B2-85E8-8EA4175B3B24}.Release|x86.ActiveCfg = Release|Win32
		{D9003E97-A3D0-47B2-85E8-8EA4175B3B24}.Release|x86.Build.0 = Release|Win32
		{724104D7-564D-4B48-837E-70A6A72EF7AC}.Debug|x64.ActiveCfg = Debug|x64
		{724104D7-564D-4B48-837E-70A6A72EF7AC}.Debug|x64.Build.0 = Debug|x64
		{724104D7-564D-4B48-837E-70A6A72EF7AC}.Debug|x86.ActiveCfg = Debug|Win32
		{724104D7-564D-4B48-837E-70A6A72EF7AC}.Debug|x86.Build.0 = Debug|Win32
		{724104D7-564D-4B48-837E-70A6A72EF7AC}.Release|x64.ActiveCfg = Release|x64
		{724104D7-564D-4B48-837E-70A6A72EF7AC}.Release|x64.Build.0 = Release|x64
		{724104D7-564D-4B48-837E-70A6A72EF7AC}.Release|x86.ActiveCfg = Release|Win32
		{724104D7-564D-4B48-837E-70A6A72EF7AC}.Release|x86.Build.0 = Release|Win32
		{3BC7243A-49F5-47BA-BB27-0AC14AB9EA97}.Debug|x64.ActiveCfg = Debug|x64
		{3BC7243A-49F5-47BA-BB27-0AC14AB9EA97}.Debug|x64.Build.0 = Debug|x64
		{3BC7243A-49F5-47BA-BB27-0AC14AB9EA97}.Debug|x86.ActiveCfg = Debug|Win32
		{3BC7243A-49F5-47BA-BB27-0AC14AB9EA97}.Debug|x86.Build.0 = Debug|Win32
		{3BC7243A-49F5-47BA-BB27-0AC14AB9EA97}.Release|x64.ActiveCfg = Release|x64
		{3BC7243A-49F5-47BA-BB27-0AC14AB9EA97}.Release|x64.Build.0 = Release|x64
		{3BC7243A-49F5-47BA-BB27-0AC14AB9EA97}.Release|x86.ActiveCfg = Release|Win32
		{3BC7243A-49F5-47BA-BB27-0AC14AB9EA97}.Release|x86.Build.0 = Release|Win32
		{6E3B85AC-5E88-49C0-BB41-AB10AE4B1A68}.Debug|x64.ActiveCfg = Debug|x64
		{6E3B85AC-5E88-49C0-BB41-AB10AE4B1A68}.Debug|x64.Build.0 = Debug|x64
		{6E3B85AC-5E88-49C0-BB41-AB10AE4B1A68}.Debug|x86.ActiveCfg = Debug|Win32
		{6E3B85AC-5E88-49C0-BB41-AB10AE4B1A68}.Debug|x86.Build.0 = Debug|Win32
		{6E3B85AC-5E88-49C0-BB41-AB10AE4B1A68}.Release|x64.ActiveCfg = Release|x64
		{6E3B85AC-5E88-49C0-BB41-AB10AE4B1A68}.Release|x64.Build.0 = Release|x64
		{6E3B85AC-5E88-49C0-BB41-AB10AE4B1A68}.Release|x86.ActiveCfg = Release|Win32
		{6E3B85AC-5E88-49C0-BB41-AB10AE4B1A68}.Release|x86.Build.0 = Release|Win32
		{EF6FDB9F-6E38-455F-A6FE-E00DD5630613}.Debug|x64.ActiveCfg = Debug|x64
		{EF6FDB9F-6E38-455F-A6FE-E00DD5630613}.Debug|x64.Build.0 = Debug|x64
		{EF6FDB9F-6E38-455F-A6FE-E00DD5630613}.Debug|x86.ActiveCfg = Debug|Win32
		{EF6FDB9F-6E38-455F-A6FE-E00DD5630613}.Debug|x86.Build.0 = Debug|Win32
		{EF6FDB9F-6E38-455F-A6FE-E00DD5630613}.Release|x64.ActiveCfg = Release|x64
		{EF6FDB9F-6E38-455F-A6FE-E00DD5630613}.Release|x64.Build.0 = Release|x64
		{EF6FDB9F-6E38-455F-A6FE-E00DD5630613}.Release|x86.ActiveCfg = Release|Win32
		{EF6FDB9F-6E38-455F-A6FE-E00DD5630613}.Release|x86.Build.0 = Release|Win32
		{E87C08EF-46DF-4533-A39F-C696023C05B3}.Debug|x64.ActiveCfg = Debug|x64
		{E87C08EF-46DF-4533-A39F-C696023C05B3}.Debug|x64.Build.0 = Debug|x64
		{E87C08EF-46DF-4533-A39F-C696023C05B3}.Debug|x86.ActiveCfg = Debug|Win32
		{E87C08EF-46DF-4533-A39F-C696023C05B3}.Debug|x86.Build.0 = Debug|Win32
		{E87C08EF-46DF-4533-A39F-C696023C05B3}.Release|x64.ActiveCfg = Release|x64
		{E87C08EF-46DF-4533-A39F-C696023C05B3}.Release|x64.Build.0 = Release|x64
		{E87C08EF-46DF-4533-A39F-C696023C05B3}.Release|x86.ActiveCfg = Release|Win32
		{E87C08EF-46DF-4533-A39F-C696023C05B3}.Release|x86.Build.0 = Release|Win32
		{CAFFA949-CC7F-427A-BE37-0F720C8C1E93}.Debug|x64.ActiveCfg = Debug|x64
		{CAFFA949-CC7F-427A-BE37-0F720C8C1E93}.Debug|x64.Build.0 = Debug|x64
		{CAFFA949-CC7F-427A-BE37-0F720C8C1E93}.Debug|x86.ActiveCfg = Debug|Win32
		{CAFFA949-CC7F-427A-BE37-0F720C8C1E93}.Debug|x86.Build.0 = Debug|Win32
		{CAFFA949-CC7F-427A-BE37-0F720C8C1E93}.Release|x64.ActiveCfg = Release|x64
		{CAFFA949-CC7F-427A-BE37-0F720C8C1E93}.Release|x64.Build.0 = Release|x64
		{CAFFA949-CC7F-427A-BE37-0F720C8C1E93}.Release|x86.ActiveCfg = Release|Win32
		{CAFFA949-CC7F-427A-BE37-0F720C8C1E93}.Release|x86.Build.0 = Release|Win32
		{23E6F769-D08E-4A62-9B5D-ABA3F7FA5EB7}.Debug|x64.ActiveCfg = Debug|x64
		{23E6F769-D08E-4A62-9B5D-ABA3F7FA5EB7}.Debug|x64.Build.0 = Debug|x64
		{23E6F769-D08E-4A62-9B5D-ABA3F7FA5EB7}.Debug|x86.ActiveCfg = Debug|Win32
		{23E6F769-D08E-4A62-9B5D-ABA3F7FA5EB7}.Debug|x86.Build.0 = Debug|Win32
		{23E6F769-D08E-4A62-9B5D-ABA3F7FA5EB7}.Release|x64.ActiveCfg = Release|x64
		{23E6F769-D08E-4A62-9B5D-ABA3F7FA5EB7}.Release|x64.Build.0 = Release|x64
		{23E6F769-D08E-4A62-9B5D-ABA3F7FA5EB7}.Release|x86.ActiveCfg = Release|Win32
		{23E6F769-D08E-4A62-9B5D-ABA3F7FA5EB7}.Release|x86.Build.0 = Release|Win32
		{EEC014AE-100D-491C-819D-F1E1EC521431}.Debug|x64.ActiveCfg = Debug|x64
		{EEC014AE-100D-491C-819D-F1E1EC521431}.Debug|x64.Build.0 = Debug|x64
		{EEC014AE-100D-491C-819D-F1E1EC521431}.Debug|x86.ActiveCfg = Debug|Win32
		{EEC014AE-100D-491C-819D-F1E1EC521431}.Debug|x86.Build.0 = Debug|Win32
		{EEC014AE-100D-491C-819D-F1E1EC521431}.Release|x64.ActiveCfg = Release|x64
		{EEC014AE-100D-491C-819D-F1E1EC521431}.Release|x64.Build.0 = Release|x64
		{EEC014AE-100D-491C-819D-F1E1EC521431}.Release|x86.ActiveCfg = Release|Win32
		{EEC014AE-100D-491C-819D-F1E1EC521431}.Release|x86.Build.0 = Release|Win32
		{176A6F2E-D119-4A1A-866F-60C4B647D719}.Debug|x64.ActiveCfg = Debug|x64
		{176A6F2E-D119-4A1A-866F-60C4B647D719}.Debug|x64.Build.0 = Debug|x64
		{176A6F2E-D119-4A1A-866F-60C4B647D719}.Debug|x86.ActiveCfg = Debug|Win32
		{176A6F2E-D119-4A1A-866F-60C4B647D719}.Debug|x86.Build.0 = Debug|Win32
		{176A6F2E-D119-4A1A-866F-60C4B647D719}.Release|x64.ActiveCfg = Release|x64
		{176A6F2E-D119-4A1A-866F-60C4B647D719}.Release|x64.Build.0 = Release|x64
		{176A6F2E-D119-4A1A-866F-60C4B647D719}.Release|x86.ActiveCfg = Release|Win32
		{176A6F2E-D119-4A1A-866F-60C4B647D719}.Release|x86.Build.0 = Release|Win32
	EndGlobalSection
	GlobalSection(SolutionProperties) = preSolution
		HideSolutionNode = FALSE
	EndGlobalSection
	GlobalSection(ExtensibilityGlobals) = postSolution
		SolutionGuid = {BF3A22AC-E785-445F-ABC3-1B8BC5F82CEC}
	EndGlobalSection
EndGlobal
