
Microsoft Visual Studio Solution File, Format Version 12.00
# Visual Studio Version 17
VisualStudioVersion = 17.0.32014.148
MinimumVisualStudioVersion = 10.0.40219.1
Project("{8BC9CEB8-8B4A-11D0-8D11-00A0C91BC942}") = "testProject", "testProject\testProject.vcxproj", "{AA06EA1F-CC24-4468-9E89-3D48D6F34FDB}"
EndProject
Project("{8BC9CEB8-8B4A-11D0-8D11-00A0C91BC942}") = "两数之和", "两数之和\两数之和.vcxproj", "{CD5644D1-8EEB-4AAC-9BD0-A53051ACD237}"
EndProject
Project("{8BC9CEB8-8B4A-11D0-8D11-00A0C91BC942}") = "回文数", "回文数\回文数.vcxproj", "{DC1F1358-7A53-4043-9415-DBE25C06B277}"
EndProject
Project("{8BC9CEB8-8B4A-11D0-8D11-00A0C91BC942}") = "最大子数组和", "最大子数组和\最大子数组和.vcxproj", "{7E7078CA-82D1-4384-8821-40419623C926}"
EndProject
Project("{8BC9CEB8-8B4A-11D0-8D11-00A0C91BC942}") = "爬楼梯", "爬楼梯\爬楼梯.vcxproj", "{E21371C0-0595-4D1A-83E2-3A1B8FA0244B}"
EndProject
Project("{8BC9CEB8-8B4A-11D0-8D11-00A0C91BC942}") = "杨辉三角1", "杨辉三角1\杨辉三角1.vcxproj", "{6F09B378-30C2-4AD1-B8AE-3EF401734467}"
EndProject
Project("{8BC9CEB8-8B4A-11D0-8D11-00A0C91BC942}") = "杨辉三角2", "杨辉三角2\杨辉三角2.vcxproj", "{DD29799A-6EC9-4C24-9012-F4BBC3149E9B}"
EndProject
Global
	GlobalSection(SolutionConfigurationPlatforms) = preSolution
		Debug|x64 = Debug|x64
		Debug|x86 = Debug|x86
		Release|x64 = Release|x64
		Release|x86 = Release|x86
	EndGlobalSection
	GlobalSection(ProjectConfigurationPlatforms) = postSolution
		{AA06EA1F-CC24-4468-9E89-3D48D6F34FDB}.Debug|x64.ActiveCfg = Debug|x64
		{AA06EA1F-CC24-4468-9E89-3D48D6F34FDB}.Debug|x64.Build.0 = Debug|x64
		{AA06EA1F-CC24-4468-9E89-3D48D6F34FDB}.Debug|x86.ActiveCfg = Debug|Win32
		{AA06EA1F-CC24-4468-9E89-3D48D6F34FDB}.Debug|x86.Build.0 = Debug|Win32
		{AA06EA1F-CC24-4468-9E89-3D48D6F34FDB}.Release|x64.ActiveCfg = Release|x64
		{AA06EA1F-CC24-4468-9E89-3D48D6F34FDB}.Release|x64.Build.0 = Release|x64
		{AA06EA1F-CC24-4468-9E89-3D48D6F34FDB}.Release|x86.ActiveCfg = Release|Win32
		{AA06EA1F-CC24-4468-9E89-3D48D6F34FDB}.Release|x86.Build.0 = Release|Win32
		{CD5644D1-8EEB-4AAC-9BD0-A53051ACD237}.Debug|x64.ActiveCfg = Debug|x64
		{CD5644D1-8EEB-4AAC-9BD0-A53051ACD237}.Debug|x64.Build.0 = Debug|x64
		{CD5644D1-8EEB-4AAC-9BD0-A53051ACD237}.Debug|x86.ActiveCfg = Debug|Win32
		{CD5644D1-8EEB-4AAC-9BD0-A53051ACD237}.Debug|x86.Build.0 = Debug|Win32
		{CD5644D1-8EEB-4AAC-9BD0-A53051ACD237}.Release|x64.ActiveCfg = Release|x64
		{CD5644D1-8EEB-4AAC-9BD0-A53051ACD237}.Release|x64.Build.0 = Release|x64
		{CD5644D1-8EEB-4AAC-9BD0-A53051ACD237}.Release|x86.ActiveCfg = Release|Win32
		{CD5644D1-8EEB-4AAC-9BD0-A53051ACD237}.Release|x86.Build.0 = Release|Win32
		{DC1F1358-7A53-4043-9415-DBE25C06B277}.Debug|x64.ActiveCfg = Debug|x64
		{DC1F1358-7A53-4043-9415-DBE25C06B277}.Debug|x64.Build.0 = Debug|x64
		{DC1F1358-7A53-4043-9415-DBE25C06B277}.Debug|x86.ActiveCfg = Debug|Win32
		{DC1F1358-7A53-4043-9415-DBE25C06B277}.Debug|x86.Build.0 = Debug|Win32
		{DC1F1358-7A53-4043-9415-DBE25C06B277}.Release|x64.ActiveCfg = Release|x64
		{DC1F1358-7A53-4043-9415-DBE25C06B277}.Release|x64.Build.0 = Release|x64
		{DC1F1358-7A53-4043-9415-DBE25C06B277}.Release|x86.ActiveCfg = Release|Win32
		{DC1F1358-7A53-4043-9415-DBE25C06B277}.Release|x86.Build.0 = Release|Win32
		{7E7078CA-82D1-4384-8821-40419623C926}.Debug|x64.ActiveCfg = Debug|x64
		{7E7078CA-82D1-4384-8821-40419623C926}.Debug|x64.Build.0 = Debug|x64
		{7E7078CA-82D1-4384-8821-40419623C926}.Debug|x86.ActiveCfg = Debug|Win32
		{7E7078CA-82D1-4384-8821-40419623C926}.Debug|x86.Build.0 = Debug|Win32
		{7E7078CA-82D1-4384-8821-40419623C926}.Release|x64.ActiveCfg = Release|x64
		{7E7078CA-82D1-4384-8821-40419623C926}.Release|x64.Build.0 = Release|x64
		{7E7078CA-82D1-4384-8821-40419623C926}.Release|x86.ActiveCfg = Release|Win32
		{7E7078CA-82D1-4384-8821-40419623C926}.Release|x86.Build.0 = Release|Win32
		{E21371C0-0595-4D1A-83E2-3A1B8FA0244B}.Debug|x64.ActiveCfg = Debug|x64
		{E21371C0-0595-4D1A-83E2-3A1B8FA0244B}.Debug|x64.Build.0 = Debug|x64
		{E21371C0-0595-4D1A-83E2-3A1B8FA0244B}.Debug|x86.ActiveCfg = Debug|Win32
		{E21371C0-0595-4D1A-83E2-3A1B8FA0244B}.Debug|x86.Build.0 = Debug|Win32
		{E21371C0-0595-4D1A-83E2-3A1B8FA0244B}.Release|x64.ActiveCfg = Release|x64
		{E21371C0-0595-4D1A-83E2-3A1B8FA0244B}.Release|x64.Build.0 = Release|x64
		{E21371C0-0595-4D1A-83E2-3A1B8FA0244B}.Release|x86.ActiveCfg = Release|Win32
		{E21371C0-0595-4D1A-83E2-3A1B8FA0244B}.Release|x86.Build.0 = Release|Win32
		{6F09B378-30C2-4AD1-B8AE-3EF401734467}.Debug|x64.ActiveCfg = Debug|x64
		{6F09B378-30C2-4AD1-B8AE-3EF401734467}.Debug|x64.Build.0 = Debug|x64
		{6F09B378-30C2-4AD1-B8AE-3EF401734467}.Debug|x86.ActiveCfg = Debug|Win32
		{6F09B378-30C2-4AD1-B8AE-3EF401734467}.Debug|x86.Build.0 = Debug|Win32
		{6F09B378-30C2-4AD1-B8AE-3EF401734467}.Release|x64.ActiveCfg = Release|x64
		{6F09B378-30C2-4AD1-B8AE-3EF401734467}.Release|x64.Build.0 = Release|x64
		{6F09B378-30C2-4AD1-B8AE-3EF401734467}.Release|x86.ActiveCfg = Release|Win32
		{6F09B378-30C2-4AD1-B8AE-3EF401734467}.Release|x86.Build.0 = Release|Win32
		{DD29799A-6EC9-4C24-9012-F4BBC3149E9B}.Debug|x64.ActiveCfg = Debug|x64
		{DD29799A-6EC9-4C24-9012-F4BBC3149E9B}.Debug|x64.Build.0 = Debug|x64
		{DD29799A-6EC9-4C24-9012-F4BBC3149E9B}.Debug|x86.ActiveCfg = Debug|Win32
		{DD29799A-6EC9-4C24-9012-F4BBC3149E9B}.Debug|x86.Build.0 = Debug|Win32
		{DD29799A-6EC9-4C24-9012-F4BBC3149E9B}.Release|x64.ActiveCfg = Release|x64
		{DD29799A-6EC9-4C24-9012-F4BBC3149E9B}.Release|x64.Build.0 = Release|x64
		{DD29799A-6EC9-4C24-9012-F4BBC3149E9B}.Release|x86.ActiveCfg = Release|Win32
		{DD29799A-6EC9-4C24-9012-F4BBC3149E9B}.Release|x86.Build.0 = Release|Win32
	EndGlobalSection
	GlobalSection(SolutionProperties) = preSolution
		HideSolutionNode = FALSE
	EndGlobalSection
	GlobalSection(ExtensibilityGlobals) = postSolution
		SolutionGuid = {BF3A22AC-E785-445F-ABC3-1B8BC5F82CEC}
	EndGlobalSection
EndGlobal
